// !$*UTF8*$!
{
	archiveVersion = 1;
	classes = {
	};
	objectVersion = 46;
	objects = {

/* Begin PBXBuildFile section */
		2B31C3D51B11C3FD004C865A /* main.m in Sources */ = {isa = PBXBuildFile; fileRef = 2B31C3D41B11C3FD004C865A /* main.m */; };
		2B31C3D81B11C3FD004C865A /* AppDelegate.m in Sources */ = {isa = PBXBuildFile; fileRef = 2B31C3D71B11C3FD004C865A /* AppDelegate.m */; };
		2B31C3E01B11C3FD004C865A /* Images.xcassets in Resources */ = {isa = PBXBuildFile; fileRef = 2B31C3DF1B11C3FD004C865A /* Images.xcassets */; };
		2B31C3E31B11C3FD004C865A /* LaunchScreen.xib in Resources */ = {isa = PBXBuildFile; fileRef = 2B31C3E11B11C3FD004C865A /* LaunchScreen.xib */; };
		2B31C3EF1B11C3FD004C865A /* MyRillTests.m in Sources */ = {isa = PBXBuildFile; fileRef = 2B31C3EE1B11C3FD004C865A /* MyRillTests.m */; };
		2B39C9361B241212007BAC7A /* Info.plist in Resources */ = {isa = PBXBuildFile; fileRef = 2B39C91E1B241212007BAC7A /* Info.plist */; };
		2B39C9371B241212007BAC7A /* MASCompositeConstraint.m in Sources */ = {isa = PBXBuildFile; fileRef = 2B39C9201B241212007BAC7A /* MASCompositeConstraint.m */; };
		2B39C9381B241212007BAC7A /* MASConstraint.m in Sources */ = {isa = PBXBuildFile; fileRef = 2B39C9231B241212007BAC7A /* MASConstraint.m */; };
		2B39C9391B241212007BAC7A /* MASConstraintMaker.m in Sources */ = {isa = PBXBuildFile; fileRef = 2B39C9251B241212007BAC7A /* MASConstraintMaker.m */; };
		2B39C93A1B241212007BAC7A /* MASLayoutConstraint.m in Sources */ = {isa = PBXBuildFile; fileRef = 2B39C9271B241212007BAC7A /* MASLayoutConstraint.m */; };
		2B39C93B1B241212007BAC7A /* MASViewAttribute.m in Sources */ = {isa = PBXBuildFile; fileRef = 2B39C92B1B241212007BAC7A /* MASViewAttribute.m */; };
		2B39C93C1B241212007BAC7A /* MASViewConstraint.m in Sources */ = {isa = PBXBuildFile; fileRef = 2B39C92D1B241212007BAC7A /* MASViewConstraint.m */; };
		2B39C93D1B241212007BAC7A /* NSArray+MASAdditions.m in Sources */ = {isa = PBXBuildFile; fileRef = 2B39C92F1B241212007BAC7A /* NSArray+MASAdditions.m */; };
		2B39C93E1B241212007BAC7A /* NSLayoutConstraint+MASDebugAdditions.m in Sources */ = {isa = PBXBuildFile; fileRef = 2B39C9321B241212007BAC7A /* NSLayoutConstraint+MASDebugAdditions.m */; };
		2B39C93F1B241212007BAC7A /* View+MASAdditions.m in Sources */ = {isa = PBXBuildFile; fileRef = 2B39C9341B241212007BAC7A /* View+MASAdditions.m */; };
		2B39C9441B24128F007BAC7A /* LoginViewController.m in Sources */ = {isa = PBXBuildFile; fileRef = 2B39C9431B24128F007BAC7A /* LoginViewController.m */; };
		2B39C9481B241972007BAC7A /* LoginService.m in Sources */ = {isa = PBXBuildFile; fileRef = 2B39C9471B241972007BAC7A /* LoginService.m */; };
		2B39C94C1B24501B007BAC7A /* ColorHandler.m in Sources */ = {isa = PBXBuildFile; fileRef = 2B39C94B1B24501B007BAC7A /* ColorHandler.m */; };
		2B39C9501B248063007BAC7A /* LoginDataParse.m in Sources */ = {isa = PBXBuildFile; fileRef = 2B39C94F1B248063007BAC7A /* LoginDataParse.m */; };
		2B39C9551B25CA86007BAC7A /* SignUpViewController.m in Sources */ = {isa = PBXBuildFile; fileRef = 2B39C9541B25CA86007BAC7A /* SignUpViewController.m */; };
		2B39C9581B271F53007BAC7A /* AVFoundation.framework in Frameworks */ = {isa = PBXBuildFile; fileRef = 2B39C9571B271F53007BAC7A /* AVFoundation.framework */; };
		2B39C95A1B271F5C007BAC7A /* CoreData.framework in Frameworks */ = {isa = PBXBuildFile; fileRef = 2B39C9591B271F5C007BAC7A /* CoreData.framework */; };
		2B39C95F1B272221007BAC7A /* QRCodeViewController.m in Sources */ = {isa = PBXBuildFile; fileRef = 2B39C95E1B272221007BAC7A /* QRCodeViewController.m */; };
		2B39C9671B2D734A007BAC7A /* QRCodeContainerViewController.m in Sources */ = {isa = PBXBuildFile; fileRef = 2B39C9661B2D734A007BAC7A /* QRCodeContainerViewController.m */; };
		2B39C96D1B2D79DB007BAC7A /* BusinessContainerViewController.m in Sources */ = {isa = PBXBuildFile; fileRef = 2B39C96C1B2D79DB007BAC7A /* BusinessContainerViewController.m */; };
		2B39C9701B2D7AD2007BAC7A /* ChatContainerViewController.m in Sources */ = {isa = PBXBuildFile; fileRef = 2B39C96F1B2D7AD2007BAC7A /* ChatContainerViewController.m */; };
		2B39C9731B2D7AF0007BAC7A /* ContactsContainerViewController.m in Sources */ = {isa = PBXBuildFile; fileRef = 2B39C9721B2D7AF0007BAC7A /* ContactsContainerViewController.m */; };
		2B39C9761B2D7B05007BAC7A /* TaskContainerViewController.m in Sources */ = {isa = PBXBuildFile; fileRef = 2B39C9751B2D7B05007BAC7A /* TaskContainerViewController.m */; };
		2B39C9791B2D7B14007BAC7A /* UserContainerViewController.m in Sources */ = {isa = PBXBuildFile; fileRef = 2B39C9781B2D7B14007BAC7A /* UserContainerViewController.m */; };
		2B39C97C1B2D8003007BAC7A /* ESMenuViewController.m in Sources */ = {isa = PBXBuildFile; fileRef = 2B39C97B1B2D8003007BAC7A /* ESMenuViewController.m */; };
		2B39C9841B30561F007BAC7A /* BusinessCollectionViewCell.m in Sources */ = {isa = PBXBuildFile; fileRef = 2B39C9831B30561F007BAC7A /* BusinessCollectionViewCell.m */; };
		2B39C98D1B37B2A4007BAC7A /* LoginViewController.xib in Resources */ = {isa = PBXBuildFile; fileRef = 2B39C98C1B37B2A4007BAC7A /* LoginViewController.xib */; };
		2B39C9901B37B691007BAC7A /* ESNavigationController.m in Sources */ = {isa = PBXBuildFile; fileRef = 2B39C98F1B37B691007BAC7A /* ESNavigationController.m */; };
		2B39C9941B37E5F2007BAC7A /* ResetPwdViewController.m in Sources */ = {isa = PBXBuildFile; fileRef = 2B39C9921B37E5F2007BAC7A /* ResetPwdViewController.m */; };
		2B39C9951B37E5F2007BAC7A /* ResetPwdViewController.xib in Resources */ = {isa = PBXBuildFile; fileRef = 2B39C9931B37E5F2007BAC7A /* ResetPwdViewController.xib */; };
		2B39C9971B37E634007BAC7A /* SignUpViewController.xib in Resources */ = {isa = PBXBuildFile; fileRef = 2B39C9961B37E634007BAC7A /* SignUpViewController.xib */; };
		F24787721B2D5CE700EC266B /* ChangePasswordDataParse.m in Sources */ = {isa = PBXBuildFile; fileRef = F24787711B2D5CE700EC266B /* ChangePasswordDataParse.m */; };
		F24787751B2D775E00EC266B /* SignUpDataParse.m in Sources */ = {isa = PBXBuildFile; fileRef = F24787741B2D775E00EC266B /* SignUpDataParse.m */; };
		F250F2EA1B2471CD000AD021 /* AFHttpTool.m in Sources */ = {isa = PBXBuildFile; fileRef = F250F2E91B2471CD000AD021 /* AFHttpTool.m */; };
		F277ADFB1B2DBE97006E42CB /* CustomShowMessage.m in Sources */ = {isa = PBXBuildFile; fileRef = F277ADFA1B2DBE97006E42CB /* CustomShowMessage.m */; };
		F277ADFE1B2DC046006E42CB /* CustomMessageBox.m in Sources */ = {isa = PBXBuildFile; fileRef = F277ADFD1B2DC046006E42CB /* CustomMessageBox.m */; };
		F277AE011B2DC146006E42CB /* DeviceInfo.m in Sources */ = {isa = PBXBuildFile; fileRef = F277AE001B2DC146006E42CB /* DeviceInfo.m */; };
		F277AE041B2DC34E006E42CB /* UIDevice+screenType.m in Sources */ = {isa = PBXBuildFile; fileRef = F277AE031B2DC34E006E42CB /* UIDevice+screenType.m */; };
		F277AE071B2DC72A006E42CB /* BMBase.m in Sources */ = {isa = PBXBuildFile; fileRef = F277AE061B2DC72A006E42CB /* BMBase.m */; };
		F277AE0A1B2DCF39006E42CB /* StretchImageUtil.m in Sources */ = {isa = PBXBuildFile; fileRef = F277AE091B2DCF39006E42CB /* StretchImageUtil.m */; };
		F277AE0D1B2DD066006E42CB /* UIPageNavigator.m in Sources */ = {isa = PBXBuildFile; fileRef = F277AE0C1B2DD066006E42CB /* UIPageNavigator.m */; };
		F29F86281B2410070058FC9F /* AFHTTPRequestOperation.m in Sources */ = {isa = PBXBuildFile; fileRef = F29F86161B2410070058FC9F /* AFHTTPRequestOperation.m */; };
		F29F86291B2410070058FC9F /* AFHTTPRequestOperationManager.m in Sources */ = {isa = PBXBuildFile; fileRef = F29F86181B2410070058FC9F /* AFHTTPRequestOperationManager.m */; };
		F29F862A1B2410070058FC9F /* AFHTTPSessionManager.m in Sources */ = {isa = PBXBuildFile; fileRef = F29F861A1B2410070058FC9F /* AFHTTPSessionManager.m */; };
		F29F862B1B2410070058FC9F /* AFNetworkReachabilityManager.m in Sources */ = {isa = PBXBuildFile; fileRef = F29F861D1B2410070058FC9F /* AFNetworkReachabilityManager.m */; };
		F29F862C1B2410070058FC9F /* AFSecurityPolicy.m in Sources */ = {isa = PBXBuildFile; fileRef = F29F861F1B2410070058FC9F /* AFSecurityPolicy.m */; };
		F29F862D1B2410070058FC9F /* AFURLConnectionOperation.m in Sources */ = {isa = PBXBuildFile; fileRef = F29F86211B2410070058FC9F /* AFURLConnectionOperation.m */; };
		F29F862E1B2410070058FC9F /* AFURLRequestSerialization.m in Sources */ = {isa = PBXBuildFile; fileRef = F29F86231B2410070058FC9F /* AFURLRequestSerialization.m */; };
		F29F862F1B2410070058FC9F /* AFURLResponseSerialization.m in Sources */ = {isa = PBXBuildFile; fileRef = F29F86251B2410070058FC9F /* AFURLResponseSerialization.m */; };
		F29F86301B2410070058FC9F /* AFURLSessionManager.m in Sources */ = {isa = PBXBuildFile; fileRef = F29F86271B2410070058FC9F /* AFURLSessionManager.m */; };
		F29F86431B2410320058FC9F /* AFNetworkActivityIndicatorManager.m in Sources */ = {isa = PBXBuildFile; fileRef = F29F86331B2410320058FC9F /* AFNetworkActivityIndicatorManager.m */; };
		F29F86441B2410320058FC9F /* UIActivityIndicatorView+AFNetworking.m in Sources */ = {isa = PBXBuildFile; fileRef = F29F86351B2410320058FC9F /* UIActivityIndicatorView+AFNetworking.m */; };
		F29F86451B2410320058FC9F /* UIAlertView+AFNetworking.m in Sources */ = {isa = PBXBuildFile; fileRef = F29F86371B2410320058FC9F /* UIAlertView+AFNetworking.m */; };
		F29F86461B2410320058FC9F /* UIButton+AFNetworking.m in Sources */ = {isa = PBXBuildFile; fileRef = F29F86391B2410320058FC9F /* UIButton+AFNetworking.m */; };
		F29F86471B2410320058FC9F /* UIImageView+AFNetworking.m in Sources */ = {isa = PBXBuildFile; fileRef = F29F863B1B2410320058FC9F /* UIImageView+AFNetworking.m */; };
		F29F86481B2410320058FC9F /* UIProgressView+AFNetworking.m in Sources */ = {isa = PBXBuildFile; fileRef = F29F863E1B2410320058FC9F /* UIProgressView+AFNetworking.m */; };
		F29F86491B2410320058FC9F /* UIRefreshControl+AFNetworking.m in Sources */ = {isa = PBXBuildFile; fileRef = F29F86401B2410320058FC9F /* UIRefreshControl+AFNetworking.m */; };
		F29F864A1B2410320058FC9F /* UIWebView+AFNetworking.m in Sources */ = {isa = PBXBuildFile; fileRef = F29F86421B2410320058FC9F /* UIWebView+AFNetworking.m */; };
		F2D233561B31AA1200F8C65D /* libPushSDK-1.8.3.a in Frameworks */ = {isa = PBXBuildFile; fileRef = F2D233551B31AA1200F8C65D /* libPushSDK-1.8.3.a */; };
		F2D2335A1B31AE2800F8C65D /* libz.dylib in Frameworks */ = {isa = PBXBuildFile; fileRef = F2D233591B31AE2800F8C65D /* libz.dylib */; };
		F2D2335C1B31AE4D00F8C65D /* CoreTelephony.framework in Frameworks */ = {isa = PBXBuildFile; fileRef = F2D2335B1B31AE4D00F8C65D /* CoreTelephony.framework */; };
		F2D2335E1B31B1F400F8C65D /* PushConfig.plist in Resources */ = {isa = PBXBuildFile; fileRef = F2D2335D1B31B1F400F8C65D /* PushConfig.plist */; };
		F2D2338B1B36B0DD00F8C65D /* NSString+MD5Addition.m in Sources */ = {isa = PBXBuildFile; fileRef = F2D2338A1B36B0DD00F8C65D /* NSString+MD5Addition.m */; };
		F2D2338F1B37DE6400F8C65D /* RongCloud.bundle in Resources */ = {isa = PBXBuildFile; fileRef = F2D2338C1B37DE6400F8C65D /* RongCloud.bundle */; };
		F2D233901B37DE6400F8C65D /* RongIMKit.framework in Frameworks */ = {isa = PBXBuildFile; fileRef = F2D2338D1B37DE6400F8C65D /* RongIMKit.framework */; };
		F2D233911B37DE6400F8C65D /* RongIMLib.framework in Frameworks */ = {isa = PBXBuildFile; fileRef = F2D2338E1B37DE6400F8C65D /* RongIMLib.framework */; };
		F2D233931B37E22500F8C65D /* AssetsLibrary.framework in Frameworks */ = {isa = PBXBuildFile; fileRef = F2D233921B37E22500F8C65D /* AssetsLibrary.framework */; };
		F2D233951B37E23100F8C65D /* AudioToolbox.framework in Frameworks */ = {isa = PBXBuildFile; fileRef = F2D233941B37E23100F8C65D /* AudioToolbox.framework */; };
		F2D233971B37E24100F8C65D /* CFNetwork.framework in Frameworks */ = {isa = PBXBuildFile; fileRef = F2D233961B37E24000F8C65D /* CFNetwork.framework */; };
		F2D233991B37E24C00F8C65D /* CoreAudio.framework in Frameworks */ = {isa = PBXBuildFile; fileRef = F2D233981B37E24C00F8C65D /* CoreAudio.framework */; };
		F2D2339B1B37E25A00F8C65D /* CoreLocation.framework in Frameworks */ = {isa = PBXBuildFile; fileRef = F2D2339A1B37E25A00F8C65D /* CoreLocation.framework */; };
		F2D2339D1B37E2A500F8C65D /* CoreMedia.framework in Frameworks */ = {isa = PBXBuildFile; fileRef = F2D2339C1B37E2A500F8C65D /* CoreMedia.framework */; };
		F2D2339F1B37E2C900F8C65D /* CoreVideo.framework in Frameworks */ = {isa = PBXBuildFile; fileRef = F2D2339E1B37E2C900F8C65D /* CoreVideo.framework */; };
		F2D233A11B37E2D200F8C65D /* CoreGraphics.framework in Frameworks */ = {isa = PBXBuildFile; fileRef = F2D233A01B37E2D200F8C65D /* CoreGraphics.framework */; };
		F2D233A31B37E2DE00F8C65D /* ImageIO.framework in Frameworks */ = {isa = PBXBuildFile; fileRef = F2D233A21B37E2DE00F8C65D /* ImageIO.framework */; };
		F2D233A51B37E2EC00F8C65D /* libc++.dylib in Frameworks */ = {isa = PBXBuildFile; fileRef = F2D233A41B37E2EC00F8C65D /* libc++.dylib */; };
		F2D233A71B37E2F600F8C65D /* libc++abi.dylib in Frameworks */ = {isa = PBXBuildFile; fileRef = F2D233A61B37E2F600F8C65D /* libc++abi.dylib */; };
		F2D233A91B37E30400F8C65D /* libsqlite3.dylib in Frameworks */ = {isa = PBXBuildFile; fileRef = F2D233A81B37E30400F8C65D /* libsqlite3.dylib */; };
		F2D233AB1B37E31400F8C65D /* libstdc++.dylib in Frameworks */ = {isa = PBXBuildFile; fileRef = F2D233AA1B37E31400F8C65D /* libstdc++.dylib */; };
		F2D233AD1B37E31E00F8C65D /* libxml2.dylib in Frameworks */ = {isa = PBXBuildFile; fileRef = F2D233AC1B37E31E00F8C65D /* libxml2.dylib */; };
		F2D233AF1B37E33200F8C65D /* MapKit.framework in Frameworks */ = {isa = PBXBuildFile; fileRef = F2D233AE1B37E33200F8C65D /* MapKit.framework */; };
		F2D233B11B37E33900F8C65D /* OpenGLES.framework in Frameworks */ = {isa = PBXBuildFile; fileRef = F2D233B01B37E33900F8C65D /* OpenGLES.framework */; };
		F2D233B31B37E34000F8C65D /* QuartzCore.framework in Frameworks */ = {isa = PBXBuildFile; fileRef = F2D233B21B37E34000F8C65D /* QuartzCore.framework */; };
		F2D233B51B37E35300F8C65D /* SystemConfiguration.framework in Frameworks */ = {isa = PBXBuildFile; fileRef = F2D233B41B37E35300F8C65D /* SystemConfiguration.framework */; };
		F2D233B71B37E37100F8C65D /* UIKit.framework in Frameworks */ = {isa = PBXBuildFile; fileRef = F2D233B61B37E37100F8C65D /* UIKit.framework */; };
/* End PBXBuildFile section */

/* Begin PBXContainerItemProxy section */
		2B31C3E91B11C3FD004C865A /* PBXContainerItemProxy */ = {
			isa = PBXContainerItemProxy;
			containerPortal = 2B31C3C71B11C3FD004C865A /* Project object */;
			proxyType = 1;
			remoteGlobalIDString = 2B31C3CE1B11C3FD004C865A;
			remoteInfo = MyRill;
		};
/* End PBXContainerItemProxy section */

/* Begin PBXFileReference section */
		2B31C3CF1B11C3FD004C865A /* MyRill.app */ = {isa = PBXFileReference; explicitFileType = wrapper.application; includeInIndex = 0; path = MyRill.app; sourceTree = BUILT_PRODUCTS_DIR; };
		2B31C3D31B11C3FD004C865A /* Info.plist */ = {isa = PBXFileReference; lastKnownFileType = text.plist.xml; path = Info.plist; sourceTree = "<group>"; };
		2B31C3D41B11C3FD004C865A /* main.m */ = {isa = PBXFileReference; lastKnownFileType = sourcecode.c.objc; path = main.m; sourceTree = "<group>"; };
		2B31C3D61B11C3FD004C865A /* AppDelegate.h */ = {isa = PBXFileReference; lastKnownFileType = sourcecode.c.h; path = AppDelegate.h; sourceTree = "<group>"; };
		2B31C3D71B11C3FD004C865A /* AppDelegate.m */ = {isa = PBXFileReference; lastKnownFileType = sourcecode.c.objc; path = AppDelegate.m; sourceTree = "<group>"; };
		2B31C3DF1B11C3FD004C865A /* Images.xcassets */ = {isa = PBXFileReference; lastKnownFileType = folder.assetcatalog; path = Images.xcassets; sourceTree = "<group>"; };
		2B31C3E21B11C3FD004C865A /* Base */ = {isa = PBXFileReference; lastKnownFileType = file.xib; name = Base; path = Base.lproj/LaunchScreen.xib; sourceTree = "<group>"; };
		2B31C3E81B11C3FD004C865A /* MyRillTests.xctest */ = {isa = PBXFileReference; explicitFileType = wrapper.cfbundle; includeInIndex = 0; path = MyRillTests.xctest; sourceTree = BUILT_PRODUCTS_DIR; };
		2B31C3ED1B11C3FD004C865A /* Info.plist */ = {isa = PBXFileReference; lastKnownFileType = text.plist.xml; path = Info.plist; sourceTree = "<group>"; };
		2B31C3EE1B11C3FD004C865A /* MyRillTests.m */ = {isa = PBXFileReference; lastKnownFileType = sourcecode.c.objc; path = MyRillTests.m; sourceTree = "<group>"; };
		2B39C91E1B241212007BAC7A /* Info.plist */ = {isa = PBXFileReference; fileEncoding = 4; lastKnownFileType = text.plist.xml; path = Info.plist; sourceTree = "<group>"; };
		2B39C91F1B241212007BAC7A /* MASCompositeConstraint.h */ = {isa = PBXFileReference; fileEncoding = 4; lastKnownFileType = sourcecode.c.h; path = MASCompositeConstraint.h; sourceTree = "<group>"; };
		2B39C9201B241212007BAC7A /* MASCompositeConstraint.m */ = {isa = PBXFileReference; fileEncoding = 4; lastKnownFileType = sourcecode.c.objc; path = MASCompositeConstraint.m; sourceTree = "<group>"; };
		2B39C9211B241212007BAC7A /* MASConstraint+Private.h */ = {isa = PBXFileReference; fileEncoding = 4; lastKnownFileType = sourcecode.c.h; path = "MASConstraint+Private.h"; sourceTree = "<group>"; };
		2B39C9221B241212007BAC7A /* MASConstraint.h */ = {isa = PBXFileReference; fileEncoding = 4; lastKnownFileType = sourcecode.c.h; path = MASConstraint.h; sourceTree = "<group>"; };
		2B39C9231B241212007BAC7A /* MASConstraint.m */ = {isa = PBXFileReference; fileEncoding = 4; lastKnownFileType = sourcecode.c.objc; path = MASConstraint.m; sourceTree = "<group>"; };
		2B39C9241B241212007BAC7A /* MASConstraintMaker.h */ = {isa = PBXFileReference; fileEncoding = 4; lastKnownFileType = sourcecode.c.h; path = MASConstraintMaker.h; sourceTree = "<group>"; };
		2B39C9251B241212007BAC7A /* MASConstraintMaker.m */ = {isa = PBXFileReference; fileEncoding = 4; lastKnownFileType = sourcecode.c.objc; path = MASConstraintMaker.m; sourceTree = "<group>"; };
		2B39C9261B241212007BAC7A /* MASLayoutConstraint.h */ = {isa = PBXFileReference; fileEncoding = 4; lastKnownFileType = sourcecode.c.h; path = MASLayoutConstraint.h; sourceTree = "<group>"; };
		2B39C9271B241212007BAC7A /* MASLayoutConstraint.m */ = {isa = PBXFileReference; fileEncoding = 4; lastKnownFileType = sourcecode.c.objc; path = MASLayoutConstraint.m; sourceTree = "<group>"; };
		2B39C9281B241212007BAC7A /* Masonry.h */ = {isa = PBXFileReference; fileEncoding = 4; lastKnownFileType = sourcecode.c.h; path = Masonry.h; sourceTree = "<group>"; };
		2B39C9291B241212007BAC7A /* MASUtilities.h */ = {isa = PBXFileReference; fileEncoding = 4; lastKnownFileType = sourcecode.c.h; path = MASUtilities.h; sourceTree = "<group>"; };
		2B39C92A1B241212007BAC7A /* MASViewAttribute.h */ = {isa = PBXFileReference; fileEncoding = 4; lastKnownFileType = sourcecode.c.h; path = MASViewAttribute.h; sourceTree = "<group>"; };
		2B39C92B1B241212007BAC7A /* MASViewAttribute.m */ = {isa = PBXFileReference; fileEncoding = 4; lastKnownFileType = sourcecode.c.objc; path = MASViewAttribute.m; sourceTree = "<group>"; };
		2B39C92C1B241212007BAC7A /* MASViewConstraint.h */ = {isa = PBXFileReference; fileEncoding = 4; lastKnownFileType = sourcecode.c.h; path = MASViewConstraint.h; sourceTree = "<group>"; };
		2B39C92D1B241212007BAC7A /* MASViewConstraint.m */ = {isa = PBXFileReference; fileEncoding = 4; lastKnownFileType = sourcecode.c.objc; path = MASViewConstraint.m; sourceTree = "<group>"; };
		2B39C92E1B241212007BAC7A /* NSArray+MASAdditions.h */ = {isa = PBXFileReference; fileEncoding = 4; lastKnownFileType = sourcecode.c.h; path = "NSArray+MASAdditions.h"; sourceTree = "<group>"; };
		2B39C92F1B241212007BAC7A /* NSArray+MASAdditions.m */ = {isa = PBXFileReference; fileEncoding = 4; lastKnownFileType = sourcecode.c.objc; path = "NSArray+MASAdditions.m"; sourceTree = "<group>"; };
		2B39C9301B241212007BAC7A /* NSArray+MASShorthandAdditions.h */ = {isa = PBXFileReference; fileEncoding = 4; lastKnownFileType = sourcecode.c.h; path = "NSArray+MASShorthandAdditions.h"; sourceTree = "<group>"; };
		2B39C9311B241212007BAC7A /* NSLayoutConstraint+MASDebugAdditions.h */ = {isa = PBXFileReference; fileEncoding = 4; lastKnownFileType = sourcecode.c.h; path = "NSLayoutConstraint+MASDebugAdditions.h"; sourceTree = "<group>"; };
		2B39C9321B241212007BAC7A /* NSLayoutConstraint+MASDebugAdditions.m */ = {isa = PBXFileReference; fileEncoding = 4; lastKnownFileType = sourcecode.c.objc; path = "NSLayoutConstraint+MASDebugAdditions.m"; sourceTree = "<group>"; };
		2B39C9331B241212007BAC7A /* View+MASAdditions.h */ = {isa = PBXFileReference; fileEncoding = 4; lastKnownFileType = sourcecode.c.h; path = "View+MASAdditions.h"; sourceTree = "<group>"; };
		2B39C9341B241212007BAC7A /* View+MASAdditions.m */ = {isa = PBXFileReference; fileEncoding = 4; lastKnownFileType = sourcecode.c.objc; path = "View+MASAdditions.m"; sourceTree = "<group>"; };
		2B39C9351B241212007BAC7A /* View+MASShorthandAdditions.h */ = {isa = PBXFileReference; fileEncoding = 4; lastKnownFileType = sourcecode.c.h; path = "View+MASShorthandAdditions.h"; sourceTree = "<group>"; };
		2B39C9421B24128F007BAC7A /* LoginViewController.h */ = {isa = PBXFileReference; fileEncoding = 4; lastKnownFileType = sourcecode.c.h; path = LoginViewController.h; sourceTree = "<group>"; };
		2B39C9431B24128F007BAC7A /* LoginViewController.m */ = {isa = PBXFileReference; fileEncoding = 4; lastKnownFileType = sourcecode.c.objc; path = LoginViewController.m; sourceTree = "<group>"; };
		2B39C9461B241972007BAC7A /* LoginService.h */ = {isa = PBXFileReference; fileEncoding = 4; lastKnownFileType = sourcecode.c.h; path = LoginService.h; sourceTree = "<group>"; };
		2B39C9471B241972007BAC7A /* LoginService.m */ = {isa = PBXFileReference; fileEncoding = 4; lastKnownFileType = sourcecode.c.objc; path = LoginService.m; sourceTree = "<group>"; };
		2B39C94A1B24501B007BAC7A /* ColorHandler.h */ = {isa = PBXFileReference; fileEncoding = 4; lastKnownFileType = sourcecode.c.h; path = ColorHandler.h; sourceTree = "<group>"; };
		2B39C94B1B24501B007BAC7A /* ColorHandler.m */ = {isa = PBXFileReference; fileEncoding = 4; lastKnownFileType = sourcecode.c.objc; path = ColorHandler.m; sourceTree = "<group>"; };
		2B39C94E1B248063007BAC7A /* LoginDataParse.h */ = {isa = PBXFileReference; fileEncoding = 4; lastKnownFileType = sourcecode.c.h; path = LoginDataParse.h; sourceTree = "<group>"; };
		2B39C94F1B248063007BAC7A /* LoginDataParse.m */ = {isa = PBXFileReference; fileEncoding = 4; lastKnownFileType = sourcecode.c.objc; path = LoginDataParse.m; sourceTree = "<group>"; };
		2B39C9531B25CA86007BAC7A /* SignUpViewController.h */ = {isa = PBXFileReference; fileEncoding = 4; lastKnownFileType = sourcecode.c.h; path = SignUpViewController.h; sourceTree = "<group>"; };
		2B39C9541B25CA86007BAC7A /* SignUpViewController.m */ = {isa = PBXFileReference; fileEncoding = 4; lastKnownFileType = sourcecode.c.objc; path = SignUpViewController.m; sourceTree = "<group>"; };
		2B39C9571B271F53007BAC7A /* AVFoundation.framework */ = {isa = PBXFileReference; lastKnownFileType = wrapper.framework; name = AVFoundation.framework; path = System/Library/Frameworks/AVFoundation.framework; sourceTree = SDKROOT; };
		2B39C9591B271F5C007BAC7A /* CoreData.framework */ = {isa = PBXFileReference; lastKnownFileType = wrapper.framework; name = CoreData.framework; path = System/Library/Frameworks/CoreData.framework; sourceTree = SDKROOT; };
		2B39C95B1B271F7A007BAC7A /* CoreFoundation.framework */ = {isa = PBXFileReference; lastKnownFileType = wrapper.framework; name = CoreFoundation.framework; path = System/Library/Frameworks/CoreFoundation.framework; sourceTree = SDKROOT; };
		2B39C95D1B272221007BAC7A /* QRCodeViewController.h */ = {isa = PBXFileReference; fileEncoding = 4; lastKnownFileType = sourcecode.c.h; path = QRCodeViewController.h; sourceTree = "<group>"; };
		2B39C95E1B272221007BAC7A /* QRCodeViewController.m */ = {isa = PBXFileReference; fileEncoding = 4; lastKnownFileType = sourcecode.c.objc; path = QRCodeViewController.m; sourceTree = "<group>"; };
		2B39C9651B2D734A007BAC7A /* QRCodeContainerViewController.h */ = {isa = PBXFileReference; fileEncoding = 4; lastKnownFileType = sourcecode.c.h; path = QRCodeContainerViewController.h; sourceTree = "<group>"; };
		2B39C9661B2D734A007BAC7A /* QRCodeContainerViewController.m */ = {isa = PBXFileReference; fileEncoding = 4; lastKnownFileType = sourcecode.c.objc; path = QRCodeContainerViewController.m; sourceTree = "<group>"; };
		2B39C96B1B2D79DB007BAC7A /* BusinessContainerViewController.h */ = {isa = PBXFileReference; fileEncoding = 4; lastKnownFileType = sourcecode.c.h; path = BusinessContainerViewController.h; sourceTree = "<group>"; };
		2B39C96C1B2D79DB007BAC7A /* BusinessContainerViewController.m */ = {isa = PBXFileReference; fileEncoding = 4; lastKnownFileType = sourcecode.c.objc; path = BusinessContainerViewController.m; sourceTree = "<group>"; };
		2B39C96E1B2D7AD2007BAC7A /* ChatContainerViewController.h */ = {isa = PBXFileReference; fileEncoding = 4; lastKnownFileType = sourcecode.c.h; path = ChatContainerViewController.h; sourceTree = "<group>"; };
		2B39C96F1B2D7AD2007BAC7A /* ChatContainerViewController.m */ = {isa = PBXFileReference; fileEncoding = 4; lastKnownFileType = sourcecode.c.objc; path = ChatContainerViewController.m; sourceTree = "<group>"; };
		2B39C9711B2D7AF0007BAC7A /* ContactsContainerViewController.h */ = {isa = PBXFileReference; fileEncoding = 4; lastKnownFileType = sourcecode.c.h; path = ContactsContainerViewController.h; sourceTree = "<group>"; };
		2B39C9721B2D7AF0007BAC7A /* ContactsContainerViewController.m */ = {isa = PBXFileReference; fileEncoding = 4; lastKnownFileType = sourcecode.c.objc; path = ContactsContainerViewController.m; sourceTree = "<group>"; };
		2B39C9741B2D7B05007BAC7A /* TaskContainerViewController.h */ = {isa = PBXFileReference; fileEncoding = 4; lastKnownFileType = sourcecode.c.h; path = TaskContainerViewController.h; sourceTree = "<group>"; };
		2B39C9751B2D7B05007BAC7A /* TaskContainerViewController.m */ = {isa = PBXFileReference; fileEncoding = 4; lastKnownFileType = sourcecode.c.objc; path = TaskContainerViewController.m; sourceTree = "<group>"; };
		2B39C9771B2D7B14007BAC7A /* UserContainerViewController.h */ = {isa = PBXFileReference; fileEncoding = 4; lastKnownFileType = sourcecode.c.h; path = UserContainerViewController.h; sourceTree = "<group>"; };
		2B39C9781B2D7B14007BAC7A /* UserContainerViewController.m */ = {isa = PBXFileReference; fileEncoding = 4; lastKnownFileType = sourcecode.c.objc; path = UserContainerViewController.m; sourceTree = "<group>"; };
		2B39C97A1B2D8003007BAC7A /* ESMenuViewController.h */ = {isa = PBXFileReference; fileEncoding = 4; lastKnownFileType = sourcecode.c.h; path = ESMenuViewController.h; sourceTree = "<group>"; };
		2B39C97B1B2D8003007BAC7A /* ESMenuViewController.m */ = {isa = PBXFileReference; fileEncoding = 4; lastKnownFileType = sourcecode.c.objc; path = ESMenuViewController.m; sourceTree = "<group>"; };
		2B39C9821B30561F007BAC7A /* BusinessCollectionViewCell.h */ = {isa = PBXFileReference; fileEncoding = 4; lastKnownFileType = sourcecode.c.h; path = BusinessCollectionViewCell.h; sourceTree = "<group>"; };
		2B39C9831B30561F007BAC7A /* BusinessCollectionViewCell.m */ = {isa = PBXFileReference; fileEncoding = 4; lastKnownFileType = sourcecode.c.objc; path = BusinessCollectionViewCell.m; sourceTree = "<group>"; };
		2B39C98C1B37B2A4007BAC7A /* LoginViewController.xib */ = {isa = PBXFileReference; fileEncoding = 4; lastKnownFileType = file.xib; path = LoginViewController.xib; sourceTree = "<group>"; };
		2B39C98E1B37B691007BAC7A /* ESNavigationController.h */ = {isa = PBXFileReference; fileEncoding = 4; lastKnownFileType = sourcecode.c.h; path = ESNavigationController.h; sourceTree = "<group>"; };
		2B39C98F1B37B691007BAC7A /* ESNavigationController.m */ = {isa = PBXFileReference; fileEncoding = 4; lastKnownFileType = sourcecode.c.objc; path = ESNavigationController.m; sourceTree = "<group>"; };
		2B39C9911B37E5F2007BAC7A /* ResetPwdViewController.h */ = {isa = PBXFileReference; fileEncoding = 4; lastKnownFileType = sourcecode.c.h; path = ResetPwdViewController.h; sourceTree = "<group>"; };
		2B39C9921B37E5F2007BAC7A /* ResetPwdViewController.m */ = {isa = PBXFileReference; fileEncoding = 4; lastKnownFileType = sourcecode.c.objc; path = ResetPwdViewController.m; sourceTree = "<group>"; };
		2B39C9931B37E5F2007BAC7A /* ResetPwdViewController.xib */ = {isa = PBXFileReference; fileEncoding = 4; lastKnownFileType = file.xib; path = ResetPwdViewController.xib; sourceTree = "<group>"; };
		2B39C9961B37E634007BAC7A /* SignUpViewController.xib */ = {isa = PBXFileReference; fileEncoding = 4; lastKnownFileType = file.xib; path = SignUpViewController.xib; sourceTree = "<group>"; };
		F247876C1B2BC3CE00EC266B /* DataParseDefine.h */ = {isa = PBXFileReference; lastKnownFileType = sourcecode.c.h; path = DataParseDefine.h; sourceTree = "<group>"; };
		F24787701B2D5CE700EC266B /* ChangePasswordDataParse.h */ = {isa = PBXFileReference; fileEncoding = 4; lastKnownFileType = sourcecode.c.h; path = ChangePasswordDataParse.h; sourceTree = "<group>"; };
		F24787711B2D5CE700EC266B /* ChangePasswordDataParse.m */ = {isa = PBXFileReference; fileEncoding = 4; lastKnownFileType = sourcecode.c.objc; path = ChangePasswordDataParse.m; sourceTree = "<group>"; };
		F24787731B2D775E00EC266B /* SignUpDataParse.h */ = {isa = PBXFileReference; fileEncoding = 4; lastKnownFileType = sourcecode.c.h; path = SignUpDataParse.h; sourceTree = "<group>"; };
		F24787741B2D775E00EC266B /* SignUpDataParse.m */ = {isa = PBXFileReference; fileEncoding = 4; lastKnownFileType = sourcecode.c.objc; path = SignUpDataParse.m; sourceTree = "<group>"; };
		F250F2E81B2471CD000AD021 /* AFHttpTool.h */ = {isa = PBXFileReference; fileEncoding = 4; lastKnownFileType = sourcecode.c.h; name = AFHttpTool.h; path = Network/AFHttpTool.h; sourceTree = "<group>"; };
		F250F2E91B2471CD000AD021 /* AFHttpTool.m */ = {isa = PBXFileReference; fileEncoding = 4; lastKnownFileType = sourcecode.c.objc; name = AFHttpTool.m; path = Network/AFHttpTool.m; sourceTree = "<group>"; };
		F277ADF91B2DBE97006E42CB /* CustomShowMessage.h */ = {isa = PBXFileReference; fileEncoding = 4; lastKnownFileType = sourcecode.c.h; name = CustomShowMessage.h; path = Utilities/common/CustomShowMessage.h; sourceTree = "<group>"; };
		F277ADFA1B2DBE97006E42CB /* CustomShowMessage.m */ = {isa = PBXFileReference; fileEncoding = 4; lastKnownFileType = sourcecode.c.objc; name = CustomShowMessage.m; path = Utilities/common/CustomShowMessage.m; sourceTree = "<group>"; };
		F277ADFC1B2DC046006E42CB /* CustomMessageBox.h */ = {isa = PBXFileReference; fileEncoding = 4; lastKnownFileType = sourcecode.c.h; name = CustomMessageBox.h; path = Utilities/common/CustomMessageBox.h; sourceTree = "<group>"; };
		F277ADFD1B2DC046006E42CB /* CustomMessageBox.m */ = {isa = PBXFileReference; fileEncoding = 4; lastKnownFileType = sourcecode.c.objc; name = CustomMessageBox.m; path = Utilities/common/CustomMessageBox.m; sourceTree = "<group>"; };
		F277ADFF1B2DC146006E42CB /* DeviceInfo.h */ = {isa = PBXFileReference; fileEncoding = 4; lastKnownFileType = sourcecode.c.h; name = DeviceInfo.h; path = Utilities/common/DeviceInfo.h; sourceTree = "<group>"; };
		F277AE001B2DC146006E42CB /* DeviceInfo.m */ = {isa = PBXFileReference; fileEncoding = 4; lastKnownFileType = sourcecode.c.objc; name = DeviceInfo.m; path = Utilities/common/DeviceInfo.m; sourceTree = "<group>"; };
		F277AE021B2DC34E006E42CB /* UIDevice+screenType.h */ = {isa = PBXFileReference; fileEncoding = 4; lastKnownFileType = sourcecode.c.h; name = "UIDevice+screenType.h"; path = "Utilities/common/UIDevice+screenType.h"; sourceTree = "<group>"; };
		F277AE031B2DC34E006E42CB /* UIDevice+screenType.m */ = {isa = PBXFileReference; fileEncoding = 4; lastKnownFileType = sourcecode.c.objc; name = "UIDevice+screenType.m"; path = "Utilities/common/UIDevice+screenType.m"; sourceTree = "<group>"; };
		F277AE051B2DC72A006E42CB /* BMBase.h */ = {isa = PBXFileReference; fileEncoding = 4; lastKnownFileType = sourcecode.c.h; name = BMBase.h; path = Utilities/common/BMBase.h; sourceTree = "<group>"; };
		F277AE061B2DC72A006E42CB /* BMBase.m */ = {isa = PBXFileReference; fileEncoding = 4; lastKnownFileType = sourcecode.c.objc; name = BMBase.m; path = Utilities/common/BMBase.m; sourceTree = "<group>"; };
		F277AE081B2DCF39006E42CB /* StretchImageUtil.h */ = {isa = PBXFileReference; fileEncoding = 4; lastKnownFileType = sourcecode.c.h; name = StretchImageUtil.h; path = Utilities/common/StretchImageUtil.h; sourceTree = "<group>"; };
		F277AE091B2DCF39006E42CB /* StretchImageUtil.m */ = {isa = PBXFileReference; fileEncoding = 4; lastKnownFileType = sourcecode.c.objc; name = StretchImageUtil.m; path = Utilities/common/StretchImageUtil.m; sourceTree = "<group>"; };
		F277AE0B1B2DD066006E42CB /* UIPageNavigator.h */ = {isa = PBXFileReference; fileEncoding = 4; lastKnownFileType = sourcecode.c.h; name = UIPageNavigator.h; path = Utilities/common/UIPageNavigator.h; sourceTree = "<group>"; };
		F277AE0C1B2DD066006E42CB /* UIPageNavigator.m */ = {isa = PBXFileReference; fileEncoding = 4; lastKnownFileType = sourcecode.c.objc; name = UIPageNavigator.m; path = Utilities/common/UIPageNavigator.m; sourceTree = "<group>"; };
		F29F86151B2410070058FC9F /* AFHTTPRequestOperation.h */ = {isa = PBXFileReference; fileEncoding = 4; lastKnownFileType = sourcecode.c.h; name = AFHTTPRequestOperation.h; path = Utilities/AFNetworking/AFHTTPRequestOperation.h; sourceTree = "<group>"; };
		F29F86161B2410070058FC9F /* AFHTTPRequestOperation.m */ = {isa = PBXFileReference; fileEncoding = 4; lastKnownFileType = sourcecode.c.objc; name = AFHTTPRequestOperation.m; path = Utilities/AFNetworking/AFHTTPRequestOperation.m; sourceTree = "<group>"; };
		F29F86171B2410070058FC9F /* AFHTTPRequestOperationManager.h */ = {isa = PBXFileReference; fileEncoding = 4; lastKnownFileType = sourcecode.c.h; name = AFHTTPRequestOperationManager.h; path = Utilities/AFNetworking/AFHTTPRequestOperationManager.h; sourceTree = "<group>"; };
		F29F86181B2410070058FC9F /* AFHTTPRequestOperationManager.m */ = {isa = PBXFileReference; fileEncoding = 4; lastKnownFileType = sourcecode.c.objc; name = AFHTTPRequestOperationManager.m; path = Utilities/AFNetworking/AFHTTPRequestOperationManager.m; sourceTree = "<group>"; };
		F29F86191B2410070058FC9F /* AFHTTPSessionManager.h */ = {isa = PBXFileReference; fileEncoding = 4; lastKnownFileType = sourcecode.c.h; name = AFHTTPSessionManager.h; path = Utilities/AFNetworking/AFHTTPSessionManager.h; sourceTree = "<group>"; };
		F29F861A1B2410070058FC9F /* AFHTTPSessionManager.m */ = {isa = PBXFileReference; fileEncoding = 4; lastKnownFileType = sourcecode.c.objc; name = AFHTTPSessionManager.m; path = Utilities/AFNetworking/AFHTTPSessionManager.m; sourceTree = "<group>"; };
		F29F861B1B2410070058FC9F /* AFNetworking.h */ = {isa = PBXFileReference; fileEncoding = 4; lastKnownFileType = sourcecode.c.h; name = AFNetworking.h; path = Utilities/AFNetworking/AFNetworking.h; sourceTree = "<group>"; };
		F29F861C1B2410070058FC9F /* AFNetworkReachabilityManager.h */ = {isa = PBXFileReference; fileEncoding = 4; lastKnownFileType = sourcecode.c.h; name = AFNetworkReachabilityManager.h; path = Utilities/AFNetworking/AFNetworkReachabilityManager.h; sourceTree = "<group>"; };
		F29F861D1B2410070058FC9F /* AFNetworkReachabilityManager.m */ = {isa = PBXFileReference; fileEncoding = 4; lastKnownFileType = sourcecode.c.objc; name = AFNetworkReachabilityManager.m; path = Utilities/AFNetworking/AFNetworkReachabilityManager.m; sourceTree = "<group>"; };
		F29F861E1B2410070058FC9F /* AFSecurityPolicy.h */ = {isa = PBXFileReference; fileEncoding = 4; lastKnownFileType = sourcecode.c.h; name = AFSecurityPolicy.h; path = Utilities/AFNetworking/AFSecurityPolicy.h; sourceTree = "<group>"; };
		F29F861F1B2410070058FC9F /* AFSecurityPolicy.m */ = {isa = PBXFileReference; fileEncoding = 4; lastKnownFileType = sourcecode.c.objc; name = AFSecurityPolicy.m; path = Utilities/AFNetworking/AFSecurityPolicy.m; sourceTree = "<group>"; };
		F29F86201B2410070058FC9F /* AFURLConnectionOperation.h */ = {isa = PBXFileReference; fileEncoding = 4; lastKnownFileType = sourcecode.c.h; name = AFURLConnectionOperation.h; path = Utilities/AFNetworking/AFURLConnectionOperation.h; sourceTree = "<group>"; };
		F29F86211B2410070058FC9F /* AFURLConnectionOperation.m */ = {isa = PBXFileReference; fileEncoding = 4; lastKnownFileType = sourcecode.c.objc; name = AFURLConnectionOperation.m; path = Utilities/AFNetworking/AFURLConnectionOperation.m; sourceTree = "<group>"; };
		F29F86221B2410070058FC9F /* AFURLRequestSerialization.h */ = {isa = PBXFileReference; fileEncoding = 4; lastKnownFileType = sourcecode.c.h; name = AFURLRequestSerialization.h; path = Utilities/AFNetworking/AFURLRequestSerialization.h; sourceTree = "<group>"; };
		F29F86231B2410070058FC9F /* AFURLRequestSerialization.m */ = {isa = PBXFileReference; fileEncoding = 4; lastKnownFileType = sourcecode.c.objc; name = AFURLRequestSerialization.m; path = Utilities/AFNetworking/AFURLRequestSerialization.m; sourceTree = "<group>"; };
		F29F86241B2410070058FC9F /* AFURLResponseSerialization.h */ = {isa = PBXFileReference; fileEncoding = 4; lastKnownFileType = sourcecode.c.h; name = AFURLResponseSerialization.h; path = Utilities/AFNetworking/AFURLResponseSerialization.h; sourceTree = "<group>"; };
		F29F86251B2410070058FC9F /* AFURLResponseSerialization.m */ = {isa = PBXFileReference; fileEncoding = 4; lastKnownFileType = sourcecode.c.objc; name = AFURLResponseSerialization.m; path = Utilities/AFNetworking/AFURLResponseSerialization.m; sourceTree = "<group>"; };
		F29F86261B2410070058FC9F /* AFURLSessionManager.h */ = {isa = PBXFileReference; fileEncoding = 4; lastKnownFileType = sourcecode.c.h; name = AFURLSessionManager.h; path = Utilities/AFNetworking/AFURLSessionManager.h; sourceTree = "<group>"; };
		F29F86271B2410070058FC9F /* AFURLSessionManager.m */ = {isa = PBXFileReference; fileEncoding = 4; lastKnownFileType = sourcecode.c.objc; name = AFURLSessionManager.m; path = Utilities/AFNetworking/AFURLSessionManager.m; sourceTree = "<group>"; };
		F29F86321B2410320058FC9F /* AFNetworkActivityIndicatorManager.h */ = {isa = PBXFileReference; fileEncoding = 4; lastKnownFileType = sourcecode.c.h; name = AFNetworkActivityIndicatorManager.h; path = "Utilities/AFNetworking/UIKit+AFNetworking/AFNetworkActivityIndicatorManager.h"; sourceTree = "<group>"; };
		F29F86331B2410320058FC9F /* AFNetworkActivityIndicatorManager.m */ = {isa = PBXFileReference; fileEncoding = 4; lastKnownFileType = sourcecode.c.objc; name = AFNetworkActivityIndicatorManager.m; path = "Utilities/AFNetworking/UIKit+AFNetworking/AFNetworkActivityIndicatorManager.m"; sourceTree = "<group>"; };
		F29F86341B2410320058FC9F /* UIActivityIndicatorView+AFNetworking.h */ = {isa = PBXFileReference; fileEncoding = 4; lastKnownFileType = sourcecode.c.h; name = "UIActivityIndicatorView+AFNetworking.h"; path = "Utilities/AFNetworking/UIKit+AFNetworking/UIActivityIndicatorView+AFNetworking.h"; sourceTree = "<group>"; };
		F29F86351B2410320058FC9F /* UIActivityIndicatorView+AFNetworking.m */ = {isa = PBXFileReference; fileEncoding = 4; lastKnownFileType = sourcecode.c.objc; name = "UIActivityIndicatorView+AFNetworking.m"; path = "Utilities/AFNetworking/UIKit+AFNetworking/UIActivityIndicatorView+AFNetworking.m"; sourceTree = "<group>"; };
		F29F86361B2410320058FC9F /* UIAlertView+AFNetworking.h */ = {isa = PBXFileReference; fileEncoding = 4; lastKnownFileType = sourcecode.c.h; name = "UIAlertView+AFNetworking.h"; path = "Utilities/AFNetworking/UIKit+AFNetworking/UIAlertView+AFNetworking.h"; sourceTree = "<group>"; };
		F29F86371B2410320058FC9F /* UIAlertView+AFNetworking.m */ = {isa = PBXFileReference; fileEncoding = 4; lastKnownFileType = sourcecode.c.objc; name = "UIAlertView+AFNetworking.m"; path = "Utilities/AFNetworking/UIKit+AFNetworking/UIAlertView+AFNetworking.m"; sourceTree = "<group>"; };
		F29F86381B2410320058FC9F /* UIButton+AFNetworking.h */ = {isa = PBXFileReference; fileEncoding = 4; lastKnownFileType = sourcecode.c.h; name = "UIButton+AFNetworking.h"; path = "Utilities/AFNetworking/UIKit+AFNetworking/UIButton+AFNetworking.h"; sourceTree = "<group>"; };
		F29F86391B2410320058FC9F /* UIButton+AFNetworking.m */ = {isa = PBXFileReference; fileEncoding = 4; lastKnownFileType = sourcecode.c.objc; name = "UIButton+AFNetworking.m"; path = "Utilities/AFNetworking/UIKit+AFNetworking/UIButton+AFNetworking.m"; sourceTree = "<group>"; };
		F29F863A1B2410320058FC9F /* UIImageView+AFNetworking.h */ = {isa = PBXFileReference; fileEncoding = 4; lastKnownFileType = sourcecode.c.h; name = "UIImageView+AFNetworking.h"; path = "Utilities/AFNetworking/UIKit+AFNetworking/UIImageView+AFNetworking.h"; sourceTree = "<group>"; };
		F29F863B1B2410320058FC9F /* UIImageView+AFNetworking.m */ = {isa = PBXFileReference; fileEncoding = 4; lastKnownFileType = sourcecode.c.objc; name = "UIImageView+AFNetworking.m"; path = "Utilities/AFNetworking/UIKit+AFNetworking/UIImageView+AFNetworking.m"; sourceTree = "<group>"; };
		F29F863C1B2410320058FC9F /* UIKit+AFNetworking.h */ = {isa = PBXFileReference; fileEncoding = 4; lastKnownFileType = sourcecode.c.h; name = "UIKit+AFNetworking.h"; path = "Utilities/AFNetworking/UIKit+AFNetworking/UIKit+AFNetworking.h"; sourceTree = "<group>"; };
		F29F863D1B2410320058FC9F /* UIProgressView+AFNetworking.h */ = {isa = PBXFileReference; fileEncoding = 4; lastKnownFileType = sourcecode.c.h; name = "UIProgressView+AFNetworking.h"; path = "Utilities/AFNetworking/UIKit+AFNetworking/UIProgressView+AFNetworking.h"; sourceTree = "<group>"; };
		F29F863E1B2410320058FC9F /* UIProgressView+AFNetworking.m */ = {isa = PBXFileReference; fileEncoding = 4; lastKnownFileType = sourcecode.c.objc; name = "UIProgressView+AFNetworking.m"; path = "Utilities/AFNetworking/UIKit+AFNetworking/UIProgressView+AFNetworking.m"; sourceTree = "<group>"; };
		F29F863F1B2410320058FC9F /* UIRefreshControl+AFNetworking.h */ = {isa = PBXFileReference; fileEncoding = 4; lastKnownFileType = sourcecode.c.h; name = "UIRefreshControl+AFNetworking.h"; path = "Utilities/AFNetworking/UIKit+AFNetworking/UIRefreshControl+AFNetworking.h"; sourceTree = "<group>"; };
		F29F86401B2410320058FC9F /* UIRefreshControl+AFNetworking.m */ = {isa = PBXFileReference; fileEncoding = 4; lastKnownFileType = sourcecode.c.objc; name = "UIRefreshControl+AFNetworking.m"; path = "Utilities/AFNetworking/UIKit+AFNetworking/UIRefreshControl+AFNetworking.m"; sourceTree = "<group>"; };
		F29F86411B2410320058FC9F /* UIWebView+AFNetworking.h */ = {isa = PBXFileReference; fileEncoding = 4; lastKnownFileType = sourcecode.c.h; name = "UIWebView+AFNetworking.h"; path = "Utilities/AFNetworking/UIKit+AFNetworking/UIWebView+AFNetworking.h"; sourceTree = "<group>"; };
		F29F86421B2410320058FC9F /* UIWebView+AFNetworking.m */ = {isa = PBXFileReference; fileEncoding = 4; lastKnownFileType = sourcecode.c.objc; name = "UIWebView+AFNetworking.m"; path = "Utilities/AFNetworking/UIKit+AFNetworking/UIWebView+AFNetworking.m"; sourceTree = "<group>"; };
		F2D233551B31AA1200F8C65D /* libPushSDK-1.8.3.a */ = {isa = PBXFileReference; lastKnownFileType = archive.ar; name = "libPushSDK-1.8.3.a"; path = "MyRill/JPush/libPushSDK-1.8.3.a"; sourceTree = "<group>"; };
		F2D233581B31AA3A00F8C65D /* APService.h */ = {isa = PBXFileReference; fileEncoding = 4; lastKnownFileType = sourcecode.c.h; name = APService.h; path = JPush/APService.h; sourceTree = "<group>"; };
		F2D233591B31AE2800F8C65D /* libz.dylib */ = {isa = PBXFileReference; lastKnownFileType = "compiled.mach-o.dylib"; name = libz.dylib; path = usr/lib/libz.dylib; sourceTree = SDKROOT; };
		F2D2335B1B31AE4D00F8C65D /* CoreTelephony.framework */ = {isa = PBXFileReference; lastKnownFileType = wrapper.framework; name = CoreTelephony.framework; path = System/Library/Frameworks/CoreTelephony.framework; sourceTree = SDKROOT; };
		F2D2335D1B31B1F400F8C65D /* PushConfig.plist */ = {isa = PBXFileReference; fileEncoding = 4; lastKnownFileType = text.plist.xml; name = PushConfig.plist; path = Resource/Property/PushConfig.plist; sourceTree = "<group>"; };
		F2D233891B36B0DD00F8C65D /* NSString+MD5Addition.h */ = {isa = PBXFileReference; fileEncoding = 4; lastKnownFileType = sourcecode.c.h; name = "NSString+MD5Addition.h"; path = "Utilities/common/NSString+MD5Addition.h"; sourceTree = "<group>"; };
		F2D2338A1B36B0DD00F8C65D /* NSString+MD5Addition.m */ = {isa = PBXFileReference; fileEncoding = 4; lastKnownFileType = sourcecode.c.objc; name = "NSString+MD5Addition.m"; path = "Utilities/common/NSString+MD5Addition.m"; sourceTree = "<group>"; };
		F2D2338C1B37DE6400F8C65D /* RongCloud.bundle */ = {isa = PBXFileReference; lastKnownFileType = "wrapper.plug-in"; name = RongCloud.bundle; path = MyRill/RCloud/RongCloud.bundle; sourceTree = "<group>"; };
		F2D2338D1B37DE6400F8C65D /* RongIMKit.framework */ = {isa = PBXFileReference; lastKnownFileType = wrapper.framework; name = RongIMKit.framework; path = MyRill/RCloud/RongIMKit.framework; sourceTree = "<group>"; };
		F2D2338E1B37DE6400F8C65D /* RongIMLib.framework */ = {isa = PBXFileReference; lastKnownFileType = wrapper.framework; name = RongIMLib.framework; path = MyRill/RCloud/RongIMLib.framework; sourceTree = "<group>"; };
		F2D233921B37E22500F8C65D /* AssetsLibrary.framework */ = {isa = PBXFileReference; lastKnownFileType = wrapper.framework; name = AssetsLibrary.framework; path = System/Library/Frameworks/AssetsLibrary.framework; sourceTree = SDKROOT; };
		F2D233941B37E23100F8C65D /* AudioToolbox.framework */ = {isa = PBXFileReference; lastKnownFileType = wrapper.framework; name = AudioToolbox.framework; path = System/Library/Frameworks/AudioToolbox.framework; sourceTree = SDKROOT; };
		F2D233961B37E24000F8C65D /* CFNetwork.framework */ = {isa = PBXFileReference; lastKnownFileType = wrapper.framework; name = CFNetwork.framework; path = System/Library/Frameworks/CFNetwork.framework; sourceTree = SDKROOT; };
		F2D233981B37E24C00F8C65D /* CoreAudio.framework */ = {isa = PBXFileReference; lastKnownFileType = wrapper.framework; name = CoreAudio.framework; path = System/Library/Frameworks/CoreAudio.framework; sourceTree = SDKROOT; };
		F2D2339A1B37E25A00F8C65D /* CoreLocation.framework */ = {isa = PBXFileReference; lastKnownFileType = wrapper.framework; name = CoreLocation.framework; path = System/Library/Frameworks/CoreLocation.framework; sourceTree = SDKROOT; };
		F2D2339C1B37E2A500F8C65D /* CoreMedia.framework */ = {isa = PBXFileReference; lastKnownFileType = wrapper.framework; name = CoreMedia.framework; path = System/Library/Frameworks/CoreMedia.framework; sourceTree = SDKROOT; };
		F2D2339E1B37E2C900F8C65D /* CoreVideo.framework */ = {isa = PBXFileReference; lastKnownFileType = wrapper.framework; name = CoreVideo.framework; path = System/Library/Frameworks/CoreVideo.framework; sourceTree = SDKROOT; };
		F2D233A01B37E2D200F8C65D /* CoreGraphics.framework */ = {isa = PBXFileReference; lastKnownFileType = wrapper.framework; name = CoreGraphics.framework; path = System/Library/Frameworks/CoreGraphics.framework; sourceTree = SDKROOT; };
		F2D233A21B37E2DE00F8C65D /* ImageIO.framework */ = {isa = PBXFileReference; lastKnownFileType = wrapper.framework; name = ImageIO.framework; path = System/Library/Frameworks/ImageIO.framework; sourceTree = SDKROOT; };
		F2D233A41B37E2EC00F8C65D /* libc++.dylib */ = {isa = PBXFileReference; lastKnownFileType = "compiled.mach-o.dylib"; name = "libc++.dylib"; path = "usr/lib/libc++.dylib"; sourceTree = SDKROOT; };
		F2D233A61B37E2F600F8C65D /* libc++abi.dylib */ = {isa = PBXFileReference; lastKnownFileType = "compiled.mach-o.dylib"; name = "libc++abi.dylib"; path = "usr/lib/libc++abi.dylib"; sourceTree = SDKROOT; };
		F2D233A81B37E30400F8C65D /* libsqlite3.dylib */ = {isa = PBXFileReference; lastKnownFileType = "compiled.mach-o.dylib"; name = libsqlite3.dylib; path = usr/lib/libsqlite3.dylib; sourceTree = SDKROOT; };
		F2D233AA1B37E31400F8C65D /* libstdc++.dylib */ = {isa = PBXFileReference; lastKnownFileType = "compiled.mach-o.dylib"; name = "libstdc++.dylib"; path = "usr/lib/libstdc++.dylib"; sourceTree = SDKROOT; };
		F2D233AC1B37E31E00F8C65D /* libxml2.dylib */ = {isa = PBXFileReference; lastKnownFileType = "compiled.mach-o.dylib"; name = libxml2.dylib; path = usr/lib/libxml2.dylib; sourceTree = SDKROOT; };
		F2D233AE1B37E33200F8C65D /* MapKit.framework */ = {isa = PBXFileReference; lastKnownFileType = wrapper.framework; name = MapKit.framework; path = System/Library/Frameworks/MapKit.framework; sourceTree = SDKROOT; };
		F2D233B01B37E33900F8C65D /* OpenGLES.framework */ = {isa = PBXFileReference; lastKnownFileType = wrapper.framework; name = OpenGLES.framework; path = System/Library/Frameworks/OpenGLES.framework; sourceTree = SDKROOT; };
		F2D233B21B37E34000F8C65D /* QuartzCore.framework */ = {isa = PBXFileReference; lastKnownFileType = wrapper.framework; name = QuartzCore.framework; path = System/Library/Frameworks/QuartzCore.framework; sourceTree = SDKROOT; };
		F2D233B41B37E35300F8C65D /* SystemConfiguration.framework */ = {isa = PBXFileReference; lastKnownFileType = wrapper.framework; name = SystemConfiguration.framework; path = System/Library/Frameworks/SystemConfiguration.framework; sourceTree = SDKROOT; };
		F2D233B61B37E37100F8C65D /* UIKit.framework */ = {isa = PBXFileReference; lastKnownFileType = wrapper.framework; name = UIKit.framework; path = System/Library/Frameworks/UIKit.framework; sourceTree = SDKROOT; };
/* End PBXFileReference section */

/* Begin PBXFrameworksBuildPhase section */
		2B31C3CC1B11C3FD004C865A /* Frameworks */ = {
			isa = PBXFrameworksBuildPhase;
			buildActionMask = 2147483647;
			files = (
				F2D233B71B37E37100F8C65D /* UIKit.framework in Frameworks */,
				F2D233B51B37E35300F8C65D /* SystemConfiguration.framework in Frameworks */,
				F2D233B31B37E34000F8C65D /* QuartzCore.framework in Frameworks */,
				F2D233B11B37E33900F8C65D /* OpenGLES.framework in Frameworks */,
				F2D233AF1B37E33200F8C65D /* MapKit.framework in Frameworks */,
				F2D2335A1B31AE2800F8C65D /* libz.dylib in Frameworks */,
				F2D233AD1B37E31E00F8C65D /* libxml2.dylib in Frameworks */,
				F2D233AB1B37E31400F8C65D /* libstdc++.dylib in Frameworks */,
				F2D233A91B37E30400F8C65D /* libsqlite3.dylib in Frameworks */,
				F2D233A71B37E2F600F8C65D /* libc++abi.dylib in Frameworks */,
				F2D233A51B37E2EC00F8C65D /* libc++.dylib in Frameworks */,
				F2D233A31B37E2DE00F8C65D /* ImageIO.framework in Frameworks */,
				F2D233A11B37E2D200F8C65D /* CoreGraphics.framework in Frameworks */,
				F2D2339F1B37E2C900F8C65D /* CoreVideo.framework in Frameworks */,
				F2D2339D1B37E2A500F8C65D /* CoreMedia.framework in Frameworks */,
				F2D2339B1B37E25A00F8C65D /* CoreLocation.framework in Frameworks */,
				F2D233991B37E24C00F8C65D /* CoreAudio.framework in Frameworks */,
				F2D233971B37E24100F8C65D /* CFNetwork.framework in Frameworks */,
				2B39C9581B271F53007BAC7A /* AVFoundation.framework in Frameworks */,
				F2D233951B37E23100F8C65D /* AudioToolbox.framework in Frameworks */,
				F2D233931B37E22500F8C65D /* AssetsLibrary.framework in Frameworks */,
				F2D2335C1B31AE4D00F8C65D /* CoreTelephony.framework in Frameworks */,
				F2D233561B31AA1200F8C65D /* libPushSDK-1.8.3.a in Frameworks */,
				F2D233911B37DE6400F8C65D /* RongIMLib.framework in Frameworks */,
				2B39C95A1B271F5C007BAC7A /* CoreData.framework in Frameworks */,
				F2D233901B37DE6400F8C65D /* RongIMKit.framework in Frameworks */,
			);
			runOnlyForDeploymentPostprocessing = 0;
		};
		2B31C3E51B11C3FD004C865A /* Frameworks */ = {
			isa = PBXFrameworksBuildPhase;
			buildActionMask = 2147483647;
			files = (
			);
			runOnlyForDeploymentPostprocessing = 0;
		};
/* End PBXFrameworksBuildPhase section */

/* Begin PBXGroup section */
		2B31C3C61B11C3FD004C865A = {
			isa = PBXGroup;
			children = (
				2B31C3D11B11C3FD004C865A /* MyRill */,
				2B39C9561B271C95007BAC7A /* Frameworks */,
				2B31C3EB1B11C3FD004C865A /* MyRillTests */,
				2B31C3D01B11C3FD004C865A /* Products */,
			);
			sourceTree = "<group>";
		};
		2B31C3D01B11C3FD004C865A /* Products */ = {
			isa = PBXGroup;
			children = (
				2B31C3CF1B11C3FD004C865A /* MyRill.app */,
				2B31C3E81B11C3FD004C865A /* MyRillTests.xctest */,
			);
			name = Products;
			sourceTree = "<group>";
		};
		2B31C3D11B11C3FD004C865A /* MyRill */ = {
			isa = PBXGroup;
			children = (
				F2D233571B31AA2600F8C65D /* JPush */,
				2B39C94D1B247A4E007BAC7A /* DataDrive */,
				F250F2E71B247156000AD021 /* AFNetWorkInterface */,
				2B31C3D61B11C3FD004C865A /* AppDelegate.h */,
				2B31C3D71B11C3FD004C865A /* AppDelegate.m */,
				2B39C9491B244FFF007BAC7A /* Common */,
				F29F86131B240FC30058FC9F /* Utilities */,
				2B39C9451B241938007BAC7A /* Service */,
				2B39C9401B241243007BAC7A /* Controllers */,
				2B39C9411B24126F007BAC7A /* Views */,
				2B31C3DF1B11C3FD004C865A /* Images.xcassets */,
				2B31C3E11B11C3FD004C865A /* LaunchScreen.xib */,
				2B31C3D21B11C3FD004C865A /* Supporting Files */,
			);
			path = MyRill;
			sourceTree = "<group>";
		};
		2B31C3D21B11C3FD004C865A /* Supporting Files */ = {
			isa = PBXGroup;
			children = (
				2B31C3D31B11C3FD004C865A /* Info.plist */,
				2B31C3D41B11C3FD004C865A /* main.m */,
				F2D2335D1B31B1F400F8C65D /* PushConfig.plist */,
			);
			name = "Supporting Files";
			sourceTree = "<group>";
		};
		2B31C3EB1B11C3FD004C865A /* MyRillTests */ = {
			isa = PBXGroup;
			children = (
				2B31C3EE1B11C3FD004C865A /* MyRillTests.m */,
				2B31C3EC1B11C3FD004C865A /* Supporting Files */,
			);
			path = MyRillTests;
			sourceTree = "<group>";
		};
		2B31C3EC1B11C3FD004C865A /* Supporting Files */ = {
			isa = PBXGroup;
			children = (
				2B31C3ED1B11C3FD004C865A /* Info.plist */,
			);
			name = "Supporting Files";
			sourceTree = "<group>";
		};
		2B39C91D1B241212007BAC7A /* Masonry */ = {
			isa = PBXGroup;
			children = (
				2B39C91E1B241212007BAC7A /* Info.plist */,
				2B39C91F1B241212007BAC7A /* MASCompositeConstraint.h */,
				2B39C9201B241212007BAC7A /* MASCompositeConstraint.m */,
				2B39C9211B241212007BAC7A /* MASConstraint+Private.h */,
				2B39C9221B241212007BAC7A /* MASConstraint.h */,
				2B39C9231B241212007BAC7A /* MASConstraint.m */,
				2B39C9241B241212007BAC7A /* MASConstraintMaker.h */,
				2B39C9251B241212007BAC7A /* MASConstraintMaker.m */,
				2B39C9261B241212007BAC7A /* MASLayoutConstraint.h */,
				2B39C9271B241212007BAC7A /* MASLayoutConstraint.m */,
				2B39C9281B241212007BAC7A /* Masonry.h */,
				2B39C9291B241212007BAC7A /* MASUtilities.h */,
				2B39C92A1B241212007BAC7A /* MASViewAttribute.h */,
				2B39C92B1B241212007BAC7A /* MASViewAttribute.m */,
				2B39C92C1B241212007BAC7A /* MASViewConstraint.h */,
				2B39C92D1B241212007BAC7A /* MASViewConstraint.m */,
				2B39C92E1B241212007BAC7A /* NSArray+MASAdditions.h */,
				2B39C92F1B241212007BAC7A /* NSArray+MASAdditions.m */,
				2B39C9301B241212007BAC7A /* NSArray+MASShorthandAdditions.h */,
				2B39C9311B241212007BAC7A /* NSLayoutConstraint+MASDebugAdditions.h */,
				2B39C9321B241212007BAC7A /* NSLayoutConstraint+MASDebugAdditions.m */,
				2B39C9331B241212007BAC7A /* View+MASAdditions.h */,
				2B39C9341B241212007BAC7A /* View+MASAdditions.m */,
				2B39C9351B241212007BAC7A /* View+MASShorthandAdditions.h */,
			);
			path = Masonry;
			sourceTree = "<group>";
		};
		2B39C9401B241243007BAC7A /* Controllers */ = {
			isa = PBXGroup;
			children = (
				2B39C97A1B2D8003007BAC7A /* ESMenuViewController.h */,
				2B39C97B1B2D8003007BAC7A /* ESMenuViewController.m */,
				2B39C98E1B37B691007BAC7A /* ESNavigationController.h */,
				2B39C98F1B37B691007BAC7A /* ESNavigationController.m */,
				2B39C9511B25CA45007BAC7A /* Login */,
				2B39C9601B2728C5007BAC7A /* Business */,
				2B39C9641B272969007BAC7A /* Conversation */,
				2B39C9611B2728F9007BAC7A /* Contacts */,
				2B39C9621B272915007BAC7A /* Task */,
				2B39C9631B27293C007BAC7A /* User */,
				2B39C9521B25CA55007BAC7A /* Others */,
			);
			name = Controllers;
			sourceTree = "<group>";
		};
		2B39C9411B24126F007BAC7A /* Views */ = {
			isa = PBXGroup;
			children = (
				2B39C9821B30561F007BAC7A /* BusinessCollectionViewCell.h */,
				2B39C9831B30561F007BAC7A /* BusinessCollectionViewCell.m */,
			);
			name = Views;
			sourceTree = "<group>";
		};
		2B39C9451B241938007BAC7A /* Service */ = {
			isa = PBXGroup;
			children = (
				2B39C9461B241972007BAC7A /* LoginService.h */,
				2B39C9471B241972007BAC7A /* LoginService.m */,
			);
			name = Service;
			sourceTree = "<group>";
		};
		2B39C9491B244FFF007BAC7A /* Common */ = {
			isa = PBXGroup;
			children = (
				2B39C94A1B24501B007BAC7A /* ColorHandler.h */,
				2B39C94B1B24501B007BAC7A /* ColorHandler.m */,
			);
			name = Common;
			sourceTree = "<group>";
		};
		2B39C94D1B247A4E007BAC7A /* DataDrive */ = {
			isa = PBXGroup;
			children = (
				2B39C94E1B248063007BAC7A /* LoginDataParse.h */,
				2B39C94F1B248063007BAC7A /* LoginDataParse.m */,
				F247876C1B2BC3CE00EC266B /* DataParseDefine.h */,
				F24787701B2D5CE700EC266B /* ChangePasswordDataParse.h */,
				F24787711B2D5CE700EC266B /* ChangePasswordDataParse.m */,
				F24787731B2D775E00EC266B /* SignUpDataParse.h */,
				F24787741B2D775E00EC266B /* SignUpDataParse.m */,
			);
			name = DataDrive;
			sourceTree = "<group>";
		};
		2B39C9511B25CA45007BAC7A /* Login */ = {
			isa = PBXGroup;
			children = (
				2B39C9421B24128F007BAC7A /* LoginViewController.h */,
				2B39C9431B24128F007BAC7A /* LoginViewController.m */,
				2B39C98C1B37B2A4007BAC7A /* LoginViewController.xib */,
				2B39C9911B37E5F2007BAC7A /* ResetPwdViewController.h */,
				2B39C9921B37E5F2007BAC7A /* ResetPwdViewController.m */,
				2B39C9931B37E5F2007BAC7A /* ResetPwdViewController.xib */,
				2B39C9531B25CA86007BAC7A /* SignUpViewController.h */,
				2B39C9541B25CA86007BAC7A /* SignUpViewController.m */,
				2B39C9961B37E634007BAC7A /* SignUpViewController.xib */,
				2B39C9651B2D734A007BAC7A /* QRCodeContainerViewController.h */,
				2B39C9661B2D734A007BAC7A /* QRCodeContainerViewController.m */,
				2B39C95D1B272221007BAC7A /* QRCodeViewController.h */,
				2B39C95E1B272221007BAC7A /* QRCodeViewController.m */,
			);
			name = Login;
			sourceTree = "<group>";
		};
		2B39C9521B25CA55007BAC7A /* Others */ = {
			isa = PBXGroup;
			children = (
			);
			name = Others;
			sourceTree = "<group>";
		};
		2B39C9561B271C95007BAC7A /* Frameworks */ = {
			isa = PBXGroup;
			children = (
				F2D233B61B37E37100F8C65D /* UIKit.framework */,
				F2D233B41B37E35300F8C65D /* SystemConfiguration.framework */,
				F2D233B21B37E34000F8C65D /* QuartzCore.framework */,
				F2D233B01B37E33900F8C65D /* OpenGLES.framework */,
				F2D233AE1B37E33200F8C65D /* MapKit.framework */,
				F2D233AC1B37E31E00F8C65D /* libxml2.dylib */,
				F2D233AA1B37E31400F8C65D /* libstdc++.dylib */,
				F2D233A81B37E30400F8C65D /* libsqlite3.dylib */,
				F2D233A61B37E2F600F8C65D /* libc++abi.dylib */,
				F2D233A41B37E2EC00F8C65D /* libc++.dylib */,
				F2D233A21B37E2DE00F8C65D /* ImageIO.framework */,
				F2D233A01B37E2D200F8C65D /* CoreGraphics.framework */,
				F2D2339E1B37E2C900F8C65D /* CoreVideo.framework */,
				F2D2339C1B37E2A500F8C65D /* CoreMedia.framework */,
				F2D2339A1B37E25A00F8C65D /* CoreLocation.framework */,
				F2D233981B37E24C00F8C65D /* CoreAudio.framework */,
				F2D233961B37E24000F8C65D /* CFNetwork.framework */,
				F2D233941B37E23100F8C65D /* AudioToolbox.framework */,
				F2D233921B37E22500F8C65D /* AssetsLibrary.framework */,
				F2D2338C1B37DE6400F8C65D /* RongCloud.bundle */,
				F2D2338D1B37DE6400F8C65D /* RongIMKit.framework */,
				F2D2338E1B37DE6400F8C65D /* RongIMLib.framework */,
				F2D2335B1B31AE4D00F8C65D /* CoreTelephony.framework */,
				F2D233591B31AE2800F8C65D /* libz.dylib */,
				F2D233551B31AA1200F8C65D /* libPushSDK-1.8.3.a */,
				2B39C95B1B271F7A007BAC7A /* CoreFoundation.framework */,
				2B39C9591B271F5C007BAC7A /* CoreData.framework */,
				2B39C9571B271F53007BAC7A /* AVFoundation.framework */,
			);
			name = Frameworks;
			sourceTree = "<group>";
		};
		2B39C9601B2728C5007BAC7A /* Business */ = {
			isa = PBXGroup;
			children = (
				2B39C96B1B2D79DB007BAC7A /* BusinessContainerViewController.h */,
				2B39C96C1B2D79DB007BAC7A /* BusinessContainerViewController.m */,
			);
			name = Business;
			sourceTree = "<group>";
		};
		2B39C9611B2728F9007BAC7A /* Contacts */ = {
			isa = PBXGroup;
			children = (
				2B39C9711B2D7AF0007BAC7A /* ContactsContainerViewController.h */,
				2B39C9721B2D7AF0007BAC7A /* ContactsContainerViewController.m */,
			);
			name = Contacts;
			sourceTree = "<group>";
		};
		2B39C9621B272915007BAC7A /* Task */ = {
			isa = PBXGroup;
			children = (
				2B39C9741B2D7B05007BAC7A /* TaskContainerViewController.h */,
				2B39C9751B2D7B05007BAC7A /* TaskContainerViewController.m */,
			);
			name = Task;
			sourceTree = "<group>";
		};
		2B39C9631B27293C007BAC7A /* User */ = {
			isa = PBXGroup;
			children = (
				2B39C9771B2D7B14007BAC7A /* UserContainerViewController.h */,
				2B39C9781B2D7B14007BAC7A /* UserContainerViewController.m */,
			);
			name = User;
			sourceTree = "<group>";
		};
		2B39C9641B272969007BAC7A /* Conversation */ = {
			isa = PBXGroup;
			children = (
				2B39C96E1B2D7AD2007BAC7A /* ChatContainerViewController.h */,
				2B39C96F1B2D7AD2007BAC7A /* ChatContainerViewController.m */,
			);
			name = Conversation;
			sourceTree = "<group>";
		};
		F250F2E71B247156000AD021 /* AFNetWorkInterface */ = {
			isa = PBXGroup;
			children = (
				F250F2E81B2471CD000AD021 /* AFHttpTool.h */,
				F250F2E91B2471CD000AD021 /* AFHttpTool.m */,
			);
			name = AFNetWorkInterface;
			sourceTree = "<group>";
		};
		F277ADF81B2DBE52006E42CB /* common */ = {
			isa = PBXGroup;
			children = (
				F277ADF91B2DBE97006E42CB /* CustomShowMessage.h */,
				F277ADFA1B2DBE97006E42CB /* CustomShowMessage.m */,
				F2D233891B36B0DD00F8C65D /* NSString+MD5Addition.h */,
				F2D2338A1B36B0DD00F8C65D /* NSString+MD5Addition.m */,
				F277ADFC1B2DC046006E42CB /* CustomMessageBox.h */,
				F277ADFD1B2DC046006E42CB /* CustomMessageBox.m */,
				F277ADFF1B2DC146006E42CB /* DeviceInfo.h */,
				F277AE001B2DC146006E42CB /* DeviceInfo.m */,
				F277AE021B2DC34E006E42CB /* UIDevice+screenType.h */,
				F277AE031B2DC34E006E42CB /* UIDevice+screenType.m */,
				F277AE051B2DC72A006E42CB /* BMBase.h */,
				F277AE061B2DC72A006E42CB /* BMBase.m */,
				F277AE081B2DCF39006E42CB /* StretchImageUtil.h */,
				F277AE091B2DCF39006E42CB /* StretchImageUtil.m */,
				F277AE0B1B2DD066006E42CB /* UIPageNavigator.h */,
				F277AE0C1B2DD066006E42CB /* UIPageNavigator.m */,
			);
			name = common;
			sourceTree = "<group>";
		};
		F29F86131B240FC30058FC9F /* Utilities */ = {
			isa = PBXGroup;
			children = (
				F277ADF81B2DBE52006E42CB /* common */,
				2B39C91D1B241212007BAC7A /* Masonry */,
				F29F86141B240FE00058FC9F /* AFNetworking */,
			);
			name = Utilities;
			sourceTree = "<group>";
		};
		F29F86141B240FE00058FC9F /* AFNetworking */ = {
			isa = PBXGroup;
			children = (
				F29F86311B2410140058FC9F /* UIKit+AFNetworking */,
				F29F86151B2410070058FC9F /* AFHTTPRequestOperation.h */,
				F29F86161B2410070058FC9F /* AFHTTPRequestOperation.m */,
				F29F86171B2410070058FC9F /* AFHTTPRequestOperationManager.h */,
				F29F86181B2410070058FC9F /* AFHTTPRequestOperationManager.m */,
				F29F86191B2410070058FC9F /* AFHTTPSessionManager.h */,
				F29F861A1B2410070058FC9F /* AFHTTPSessionManager.m */,
				F29F861B1B2410070058FC9F /* AFNetworking.h */,
				F29F861C1B2410070058FC9F /* AFNetworkReachabilityManager.h */,
				F29F861D1B2410070058FC9F /* AFNetworkReachabilityManager.m */,
				F29F861E1B2410070058FC9F /* AFSecurityPolicy.h */,
				F29F861F1B2410070058FC9F /* AFSecurityPolicy.m */,
				F29F86201B2410070058FC9F /* AFURLConnectionOperation.h */,
				F29F86211B2410070058FC9F /* AFURLConnectionOperation.m */,
				F29F86221B2410070058FC9F /* AFURLRequestSerialization.h */,
				F29F86231B2410070058FC9F /* AFURLRequestSerialization.m */,
				F29F86241B2410070058FC9F /* AFURLResponseSerialization.h */,
				F29F86251B2410070058FC9F /* AFURLResponseSerialization.m */,
				F29F86261B2410070058FC9F /* AFURLSessionManager.h */,
				F29F86271B2410070058FC9F /* AFURLSessionManager.m */,
			);
			name = AFNetworking;
			sourceTree = "<group>";
		};
		F29F86311B2410140058FC9F /* UIKit+AFNetworking */ = {
			isa = PBXGroup;
			children = (
				F29F86321B2410320058FC9F /* AFNetworkActivityIndicatorManager.h */,
				F29F86331B2410320058FC9F /* AFNetworkActivityIndicatorManager.m */,
				F29F86341B2410320058FC9F /* UIActivityIndicatorView+AFNetworking.h */,
				F29F86351B2410320058FC9F /* UIActivityIndicatorView+AFNetworking.m */,
				F29F86361B2410320058FC9F /* UIAlertView+AFNetworking.h */,
				F29F86371B2410320058FC9F /* UIAlertView+AFNetworking.m */,
				F29F86381B2410320058FC9F /* UIButton+AFNetworking.h */,
				F29F86391B2410320058FC9F /* UIButton+AFNetworking.m */,
				F29F863A1B2410320058FC9F /* UIImageView+AFNetworking.h */,
				F29F863B1B2410320058FC9F /* UIImageView+AFNetworking.m */,
				F29F863C1B2410320058FC9F /* UIKit+AFNetworking.h */,
				F29F863D1B2410320058FC9F /* UIProgressView+AFNetworking.h */,
				F29F863E1B2410320058FC9F /* UIProgressView+AFNetworking.m */,
				F29F863F1B2410320058FC9F /* UIRefreshControl+AFNetworking.h */,
				F29F86401B2410320058FC9F /* UIRefreshControl+AFNetworking.m */,
				F29F86411B2410320058FC9F /* UIWebView+AFNetworking.h */,
				F29F86421B2410320058FC9F /* UIWebView+AFNetworking.m */,
			);
			name = "UIKit+AFNetworking";
			sourceTree = "<group>";
		};
		F2D233571B31AA2600F8C65D /* JPush */ = {
			isa = PBXGroup;
			children = (
				F2D233581B31AA3A00F8C65D /* APService.h */,
			);
			name = JPush;
			sourceTree = "<group>";
		};
/* End PBXGroup section */

/* Begin PBXNativeTarget section */
		2B31C3CE1B11C3FD004C865A /* MyRill */ = {
			isa = PBXNativeTarget;
			buildConfigurationList = 2B31C3F21B11C3FD004C865A /* Build configuration list for PBXNativeTarget "MyRill" */;
			buildPhases = (
				2B31C3CB1B11C3FD004C865A /* Sources */,
				2B31C3CC1B11C3FD004C865A /* Frameworks */,
				2B31C3CD1B11C3FD004C865A /* Resources */,
			);
			buildRules = (
			);
			dependencies = (
			);
			name = MyRill;
			productName = MyRill;
			productReference = 2B31C3CF1B11C3FD004C865A /* MyRill.app */;
			productType = "com.apple.product-type.application";
		};
		2B31C3E71B11C3FD004C865A /* MyRillTests */ = {
			isa = PBXNativeTarget;
			buildConfigurationList = 2B31C3F51B11C3FD004C865A /* Build configuration list for PBXNativeTarget "MyRillTests" */;
			buildPhases = (
				2B31C3E41B11C3FD004C865A /* Sources */,
				2B31C3E51B11C3FD004C865A /* Frameworks */,
				2B31C3E61B11C3FD004C865A /* Resources */,
			);
			buildRules = (
			);
			dependencies = (
				2B31C3EA1B11C3FD004C865A /* PBXTargetDependency */,
			);
			name = MyRillTests;
			productName = MyRillTests;
			productReference = 2B31C3E81B11C3FD004C865A /* MyRillTests.xctest */;
			productType = "com.apple.product-type.bundle.unit-test";
		};
/* End PBXNativeTarget section */

/* Begin PBXProject section */
		2B31C3C71B11C3FD004C865A /* Project object */ = {
			isa = PBXProject;
			attributes = {
				LastUpgradeCheck = 0630;
				TargetAttributes = {
					2B31C3CE1B11C3FD004C865A = {
						CreatedOnToolsVersion = 6.3.2;
						DevelopmentTeam = 6XH6L3AH29;
						SystemCapabilities = {
							com.apple.BackgroundModes = {
								enabled = 1;
							};
						};
					};
					2B31C3E71B11C3FD004C865A = {
						CreatedOnToolsVersion = 6.3.2;
						DevelopmentTeam = 6XH6L3AH29;
						TestTargetID = 2B31C3CE1B11C3FD004C865A;
					};
				};
			};
			buildConfigurationList = 2B31C3CA1B11C3FD004C865A /* Build configuration list for PBXProject "MyRill" */;
			compatibilityVersion = "Xcode 3.2";
			developmentRegion = English;
			hasScannedForEncodings = 0;
			knownRegions = (
				en,
				Base,
			);
			mainGroup = 2B31C3C61B11C3FD004C865A;
			productRefGroup = 2B31C3D01B11C3FD004C865A /* Products */;
			projectDirPath = "";
			projectRoot = "";
			targets = (
				2B31C3CE1B11C3FD004C865A /* MyRill */,
				2B31C3E71B11C3FD004C865A /* MyRillTests */,
			);
		};
/* End PBXProject section */

/* Begin PBXResourcesBuildPhase section */
		2B31C3CD1B11C3FD004C865A /* Resources */ = {
			isa = PBXResourcesBuildPhase;
			buildActionMask = 2147483647;
			files = (
				F2D2335E1B31B1F400F8C65D /* PushConfig.plist in Resources */,
				2B39C98D1B37B2A4007BAC7A /* LoginViewController.xib in Resources */,
				2B39C9971B37E634007BAC7A /* SignUpViewController.xib in Resources */,
				2B39C9361B241212007BAC7A /* Info.plist in Resources */,
				2B31C3E31B11C3FD004C865A /* LaunchScreen.xib in Resources */,
				2B39C9951B37E5F2007BAC7A /* ResetPwdViewController.xib in Resources */,
				2B31C3E01B11C3FD004C865A /* Images.xcassets in Resources */,
			);
			runOnlyForDeploymentPostprocessing = 0;
		};
		2B31C3E61B11C3FD004C865A /* Resources */ = {
			isa = PBXResourcesBuildPhase;
			buildActionMask = 2147483647;
			files = (
			);
			runOnlyForDeploymentPostprocessing = 0;
		};
/* End PBXResourcesBuildPhase section */

/* Begin PBXSourcesBuildPhase section */
		2B31C3CB1B11C3FD004C865A /* Sources */ = {
			isa = PBXSourcesBuildPhase;
			buildActionMask = 2147483647;
			files = (
				2B39C96D1B2D79DB007BAC7A /* BusinessContainerViewController.m in Sources */,
				2B39C9441B24128F007BAC7A /* LoginViewController.m in Sources */,
				F29F86281B2410070058FC9F /* AFHTTPRequestOperation.m in Sources */,
				F277AE071B2DC72A006E42CB /* BMBase.m in Sources */,
				2B39C9501B248063007BAC7A /* LoginDataParse.m in Sources */,
				F29F86471B2410320058FC9F /* UIImageView+AFNetworking.m in Sources */,
				2B39C97C1B2D8003007BAC7A /* ESMenuViewController.m in Sources */,
				2B39C9551B25CA86007BAC7A /* SignUpViewController.m in Sources */,
				F29F86291B2410070058FC9F /* AFHTTPRequestOperationManager.m in Sources */,
				2B39C93A1B241212007BAC7A /* MASLayoutConstraint.m in Sources */,
				F29F86481B2410320058FC9F /* UIProgressView+AFNetworking.m in Sources */,
				2B39C9901B37B691007BAC7A /* ESNavigationController.m in Sources */,
				F29F862B1B2410070058FC9F /* AFNetworkReachabilityManager.m in Sources */,
				F277AE041B2DC34E006E42CB /* UIDevice+screenType.m in Sources */,
				F277AE0A1B2DCF39006E42CB /* StretchImageUtil.m in Sources */,
				2B39C9761B2D7B05007BAC7A /* TaskContainerViewController.m in Sources */,
				2B39C9481B241972007BAC7A /* LoginService.m in Sources */,
				F29F862F1B2410070058FC9F /* AFURLResponseSerialization.m in Sources */,
				F29F862D1B2410070058FC9F /* AFURLConnectionOperation.m in Sources */,
				F29F86461B2410320058FC9F /* UIButton+AFNetworking.m in Sources */,
				2B39C93B1B241212007BAC7A /* MASViewAttribute.m in Sources */,
				F24787721B2D5CE700EC266B /* ChangePasswordDataParse.m in Sources */,
				F277ADFB1B2DBE97006E42CB /* CustomShowMessage.m in Sources */,
				F250F2EA1B2471CD000AD021 /* AFHttpTool.m in Sources */,
				2B39C9791B2D7B14007BAC7A /* UserContainerViewController.m in Sources */,
				2B39C94C1B24501B007BAC7A /* ColorHandler.m in Sources */,
				F29F86441B2410320058FC9F /* UIActivityIndicatorView+AFNetworking.m in Sources */,
				2B39C9391B241212007BAC7A /* MASConstraintMaker.m in Sources */,
				2B39C9841B30561F007BAC7A /* BusinessCollectionViewCell.m in Sources */,
				2B39C93F1B241212007BAC7A /* View+MASAdditions.m in Sources */,
				F277AE011B2DC146006E42CB /* DeviceInfo.m in Sources */,
				2B39C93C1B241212007BAC7A /* MASViewConstraint.m in Sources */,
				2B39C95F1B272221007BAC7A /* QRCodeViewController.m in Sources */,
				2B39C9371B241212007BAC7A /* MASCompositeConstraint.m in Sources */,
				F29F862C1B2410070058FC9F /* AFSecurityPolicy.m in Sources */,
				F29F86491B2410320058FC9F /* UIRefreshControl+AFNetworking.m in Sources */,
				F277ADFE1B2DC046006E42CB /* CustomMessageBox.m in Sources */,
				F29F864A1B2410320058FC9F /* UIWebView+AFNetworking.m in Sources */,
				2B39C9701B2D7AD2007BAC7A /* ChatContainerViewController.m in Sources */,
				F29F862A1B2410070058FC9F /* AFHTTPSessionManager.m in Sources */,
				2B39C9671B2D734A007BAC7A /* QRCodeContainerViewController.m in Sources */,
				F29F86451B2410320058FC9F /* UIAlertView+AFNetworking.m in Sources */,
				2B39C9941B37E5F2007BAC7A /* ResetPwdViewController.m in Sources */,
				2B39C9381B241212007BAC7A /* MASConstraint.m in Sources */,
				2B39C9731B2D7AF0007BAC7A /* ContactsContainerViewController.m in Sources */,
				F29F862E1B2410070058FC9F /* AFURLRequestSerialization.m in Sources */,
				F29F86431B2410320058FC9F /* AFNetworkActivityIndicatorManager.m in Sources */,
				2B39C93E1B241212007BAC7A /* NSLayoutConstraint+MASDebugAdditions.m in Sources */,
				2B39C93D1B241212007BAC7A /* NSArray+MASAdditions.m in Sources */,
				F2D2338B1B36B0DD00F8C65D /* NSString+MD5Addition.m in Sources */,
				F29F86301B2410070058FC9F /* AFURLSessionManager.m in Sources */,
				2B31C3D81B11C3FD004C865A /* AppDelegate.m in Sources */,
				F24787751B2D775E00EC266B /* SignUpDataParse.m in Sources */,
				F277AE0D1B2DD066006E42CB /* UIPageNavigator.m in Sources */,
				2B31C3D51B11C3FD004C865A /* main.m in Sources */,
			);
			runOnlyForDeploymentPostprocessing = 0;
		};
		2B31C3E41B11C3FD004C865A /* Sources */ = {
			isa = PBXSourcesBuildPhase;
			buildActionMask = 2147483647;
			files = (
				2B31C3EF1B11C3FD004C865A /* MyRillTests.m in Sources */,
			);
			runOnlyForDeploymentPostprocessing = 0;
		};
/* End PBXSourcesBuildPhase section */

/* Begin PBXTargetDependency section */
		2B31C3EA1B11C3FD004C865A /* PBXTargetDependency */ = {
			isa = PBXTargetDependency;
			target = 2B31C3CE1B11C3FD004C865A /* MyRill */;
			targetProxy = 2B31C3E91B11C3FD004C865A /* PBXContainerItemProxy */;
		};
/* End PBXTargetDependency section */

/* Begin PBXVariantGroup section */
		2B31C3E11B11C3FD004C865A /* LaunchScreen.xib */ = {
			isa = PBXVariantGroup;
			children = (
				2B31C3E21B11C3FD004C865A /* Base */,
			);
			name = LaunchScreen.xib;
			sourceTree = "<group>";
		};
/* End PBXVariantGroup section */

/* Begin XCBuildConfiguration section */
		2B31C3F01B11C3FD004C865A /* Debug */ = {
			isa = XCBuildConfiguration;
			buildSettings = {
				ALWAYS_SEARCH_USER_PATHS = NO;
				CLANG_CXX_LANGUAGE_STANDARD = "gnu++0x";
				CLANG_CXX_LIBRARY = "libc++";
				CLANG_ENABLE_MODULES = YES;
				CLANG_ENABLE_OBJC_ARC = YES;
				CLANG_WARN_BOOL_CONVERSION = YES;
				CLANG_WARN_CONSTANT_CONVERSION = YES;
				CLANG_WARN_DIRECT_OBJC_ISA_USAGE = YES_ERROR;
				CLANG_WARN_EMPTY_BODY = YES;
				CLANG_WARN_ENUM_CONVERSION = YES;
				CLANG_WARN_INT_CONVERSION = YES;
				CLANG_WARN_OBJC_ROOT_CLASS = YES_ERROR;
				CLANG_WARN_UNREACHABLE_CODE = YES;
				CLANG_WARN__DUPLICATE_METHOD_MATCH = YES;
				CODE_SIGN_IDENTITY = "iPhone Developer: Xinshuai Che (5242EFF4R7)";
				"CODE_SIGN_IDENTITY[sdk=iphoneos*]" = "iPhone Developer: Xinshuai Che (5242EFF4R7)";
				COPY_PHASE_STRIP = NO;
				DEBUG_INFORMATION_FORMAT = "dwarf-with-dsym";
				ENABLE_STRICT_OBJC_MSGSEND = YES;
				GCC_C_LANGUAGE_STANDARD = gnu99;
				GCC_DYNAMIC_NO_PIC = NO;
				GCC_NO_COMMON_BLOCKS = YES;
				GCC_OPTIMIZATION_LEVEL = 0;
				GCC_PREPROCESSOR_DEFINITIONS = (
					"DEBUG=1",
					"$(inherited)",
				);
				GCC_SYMBOLS_PRIVATE_EXTERN = NO;
				GCC_WARN_64_TO_32_BIT_CONVERSION = YES;
				GCC_WARN_ABOUT_RETURN_TYPE = YES_ERROR;
				GCC_WARN_UNDECLARED_SELECTOR = YES;
				GCC_WARN_UNINITIALIZED_AUTOS = YES_AGGRESSIVE;
				GCC_WARN_UNUSED_FUNCTION = YES;
				GCC_WARN_UNUSED_VARIABLE = YES;
				IPHONEOS_DEPLOYMENT_TARGET = 8.3;
				MTL_ENABLE_DEBUG_INFO = YES;
				ONLY_ACTIVE_ARCH = YES;
				SDKROOT = iphoneos;
			};
			name = Debug;
		};
		2B31C3F11B11C3FD004C865A /* Release */ = {
			isa = XCBuildConfiguration;
			buildSettings = {
				ALWAYS_SEARCH_USER_PATHS = NO;
				CLANG_CXX_LANGUAGE_STANDARD = "gnu++0x";
				CLANG_CXX_LIBRARY = "libc++";
				CLANG_ENABLE_MODULES = YES;
				CLANG_ENABLE_OBJC_ARC = YES;
				CLANG_WARN_BOOL_CONVERSION = YES;
				CLANG_WARN_CONSTANT_CONVERSION = YES;
				CLANG_WARN_DIRECT_OBJC_ISA_USAGE = YES_ERROR;
				CLANG_WARN_EMPTY_BODY = YES;
				CLANG_WARN_ENUM_CONVERSION = YES;
				CLANG_WARN_INT_CONVERSION = YES;
				CLANG_WARN_OBJC_ROOT_CLASS = YES_ERROR;
				CLANG_WARN_UNREACHABLE_CODE = YES;
				CLANG_WARN__DUPLICATE_METHOD_MATCH = YES;
				CODE_SIGN_IDENTITY = "iPhone Developer: Xinshuai Che (5242EFF4R7)";
				"CODE_SIGN_IDENTITY[sdk=iphoneos*]" = "iPhone Developer: Xinshuai Che (5242EFF4R7)";
				COPY_PHASE_STRIP = NO;
				DEBUG_INFORMATION_FORMAT = "dwarf-with-dsym";
				ENABLE_NS_ASSERTIONS = NO;
				ENABLE_STRICT_OBJC_MSGSEND = YES;
				GCC_C_LANGUAGE_STANDARD = gnu99;
				GCC_NO_COMMON_BLOCKS = YES;
				GCC_WARN_64_TO_32_BIT_CONVERSION = YES;
				GCC_WARN_ABOUT_RETURN_TYPE = YES_ERROR;
				GCC_WARN_UNDECLARED_SELECTOR = YES;
				GCC_WARN_UNINITIALIZED_AUTOS = YES_AGGRESSIVE;
				GCC_WARN_UNUSED_FUNCTION = YES;
				GCC_WARN_UNUSED_VARIABLE = YES;
				IPHONEOS_DEPLOYMENT_TARGET = 8.3;
				MTL_ENABLE_DEBUG_INFO = NO;
				SDKROOT = iphoneos;
				VALIDATE_PRODUCT = YES;
			};
			name = Release;
		};
		2B31C3F31B11C3FD004C865A /* Debug */ = {
			isa = XCBuildConfiguration;
			buildSettings = {
				CODE_SIGN_IDENTITY = "iPhone Developer: Xinshuai Che (5242EFF4R7)";
				"CODE_SIGN_IDENTITY[sdk=iphoneos*]" = "iPhone Developer: Xinshuai Che (5242EFF4R7)";
				FRAMEWORK_SEARCH_PATHS = (
					"$(inherited)",
					"$(PROJECT_DIR)/MyRill/RCloud",
				);
				INFOPLIST_FILE = MyRill/Info.plist;
				IPHONEOS_DEPLOYMENT_TARGET = 7.0;
				LD_RUNPATH_SEARCH_PATHS = "$(inherited) @executable_path/Frameworks";
				LIBRARY_SEARCH_PATHS = (
					"$(inherited)",
					"$(PROJECT_DIR)/MyRill/lib",
					"$(PROJECT_DIR)/MyRill/JPush",
				);
				PRODUCT_NAME = "$(TARGET_NAME)";
				PROVISIONING_PROFILE = "";
				VALID_ARCHS = "armv7 armv7s arm64";
			};
			name = Debug;
		};
		2B31C3F41B11C3FD004C865A /* Release */ = {
			isa = XCBuildConfiguration;
			buildSettings = {
				CODE_SIGN_IDENTITY = "iPhone Developer: Xinshuai Che (5242EFF4R7)";
				"CODE_SIGN_IDENTITY[sdk=iphoneos*]" = "iPhone Developer: Xinshuai Che (5242EFF4R7)";
				FRAMEWORK_SEARCH_PATHS = (
					"$(inherited)",
					"$(PROJECT_DIR)/MyRill/RCloud",
				);
				INFOPLIST_FILE = MyRill/Info.plist;
				IPHONEOS_DEPLOYMENT_TARGET = 7.0;
				LD_RUNPATH_SEARCH_PATHS = "$(inherited) @executable_path/Frameworks";
				LIBRARY_SEARCH_PATHS = (
					"$(inherited)",
					"$(PROJECT_DIR)/MyRill/lib",
					"$(PROJECT_DIR)/MyRill/JPush",
				);
				PRODUCT_NAME = "$(TARGET_NAME)";
				PROVISIONING_PROFILE = "";
				VALID_ARCHS = "armv7 armv7s arm64";
			};
			name = Release;
		};
		2B31C3F61B11C3FD004C865A /* Debug */ = {
			isa = XCBuildConfiguration;
			buildSettings = {
				BUNDLE_LOADER = "$(TEST_HOST)";
				CODE_SIGN_IDENTITY = "iPhone Developer";
				"CODE_SIGN_IDENTITY[sdk=iphoneos*]" = "iPhone Developer";
				FRAMEWORK_SEARCH_PATHS = (
					"$(SDKROOT)/Developer/Library/Frameworks",
					"$(inherited)",
				);
				GCC_PREPROCESSOR_DEFINITIONS = (
					"DEBUG=1",
					"$(inherited)",
				);
				INFOPLIST_FILE = MyRillTests/Info.plist;
				LD_RUNPATH_SEARCH_PATHS = "$(inherited) @executable_path/Frameworks @loader_path/Frameworks";
				PRODUCT_NAME = "$(TARGET_NAME)";
				PROVISIONING_PROFILE = "";
				TEST_HOST = "$(BUILT_PRODUCTS_DIR)/MyRill.app/MyRill";
			};
			name = Debug;
		};
		2B31C3F71B11C3FD004C865A /* Release */ = {
			isa = XCBuildConfiguration;
			buildSettings = {
				BUNDLE_LOADER = "$(TEST_HOST)";
				CODE_SIGN_IDENTITY = "iPhone Developer";
				"CODE_SIGN_IDENTITY[sdk=iphoneos*]" = "iPhone Developer";
				FRAMEWORK_SEARCH_PATHS = (
					"$(SDKROOT)/Developer/Library/Frameworks",
					"$(inherited)",
				);
				INFOPLIST_FILE = MyRillTests/Info.plist;
				LD_RUNPATH_SEARCH_PATHS = "$(inherited) @executable_path/Frameworks @loader_path/Frameworks";
				PRODUCT_NAME = "$(TARGET_NAME)";
				PROVISIONING_PROFILE = "";
				TEST_HOST = "$(BUILT_PRODUCTS_DIR)/MyRill.app/MyRill";
			};
			name = Release;
		};
/* End XCBuildConfiguration section */

/* Begin XCConfigurationList section */
		2B31C3CA1B11C3FD004C865A /* Build configuration list for PBXProject "MyRill" */ = {
			isa = XCConfigurationList;
			buildConfigurations = (
				2B31C3F01B11C3FD004C865A /* Debug */,
				2B31C3F11B11C3FD004C865A /* Release */,
			);
			defaultConfigurationIsVisible = 0;
			defaultConfigurationName = Release;
		};
		2B31C3F21B11C3FD004C865A /* Build configuration list for PBXNativeTarget "MyRill" */ = {
			isa = XCConfigurationList;
			buildConfigurations = (
				2B31C3F31B11C3FD004C865A /* Debug */,
				2B31C3F41B11C3FD004C865A /* Release */,
			);
			defaultConfigurationIsVisible = 0;
			defaultConfigurationName = Release;
		};
		2B31C3F51B11C3FD004C865A /* Build configuration list for PBXNativeTarget "MyRillTests" */ = {
			isa = XCConfigurationList;
			buildConfigurations = (
				2B31C3F61B11C3FD004C865A /* Debug */,
				2B31C3F71B11C3FD004C865A /* Release */,
			);
			defaultConfigurationIsVisible = 0;
			defaultConfigurationName = Release;
		};
/* End XCConfigurationList section */
	};
	rootObject = 2B31C3C71B11C3FD004C865A /* Project object */;
}
